Microsoft Visual Studio Solution File, Format Version 12.00
# Visual Studio Version 17
VisualStudioVersion = 17.4.33110.190
MinimumVisualStudioVersion = 10.0.40219.1
Project("{9A19103F-16F7-4668-BE54-9A1E7A4F7556}") = "DotNetSiemensPLCToolBoxLibrary", "LibNoDaveConnectionLibrary\DotNetSiemensPLCToolBoxLibrary.csproj", "{E3ED87E8-B550-46AC-9196-9688D30EFD29}"
EndProject
Project("{9A19103F-16F7-4668-BE54-9A1E7A4F7556}") = "TestLibrary", "TestLibrary\TestLibrary.csproj", "{D5525AD8-E501-45A8-BEA5-F9BDB468B427}"
EndProject
Project("{778DAE3C-4631-46EA-AA77-85C1314464D9}") = "TestVB", "TestVB\TestVB.vbproj", "{1182E730-FA4F-4712-8B8B-6432848C3048}"
EndProject
Project("{9A19103F-16F7-4668-BE54-9A1E7A4F7556}") = "ToolboxForSiemensPLCs", "TestProjectFileFunctions\ToolboxForSiemensPLCs.csproj", "{9EB7BDB5-FDEE-466A-B2FF-63F087B160CE}"
EndProject
Project("{9A19103F-16F7-4668-BE54-9A1E7A4F7556}") = "WPFToolboxForSiemensPLCs", "WPFToolboxForPLCs\WPFToolboxForSiemensPLCs.csproj", "{383B1EB0-E39D-41D4-BAE8-FFC619C33AD8}"
EndProject
Project("{2150E333-8FDC-42A3-9474-1A3956D46DE8}") = "Solution Items", "Solution Items", "{5E32FDB6-4CFE-448E-9223-C0F7DA793A7A}"
	ProjectSection(SolutionItems) = preProject
		DotNetSiemensPLCToolBoxLibrary.vsmdi = DotNetSiemensPLCToolBoxLibrary.vsmdi
		LibNoDaveConnectionLibrary\Documentation\Info.txt = LibNoDaveConnectionLibrary\Documentation\Info.txt
		LibNoDaveConnectionLibrary\Documentation\Licence.txt = LibNoDaveConnectionLibrary\Documentation\Licence.txt
		Local.testsettings = Local.testsettings
		TraceAndTestImpact.testsettings = TraceAndTestImpact.testsettings
	EndProjectSection
EndProject
Project("{9A19103F-16F7-4668-BE54-9A1E7A4F7556}") = "SimpleCSharpDemonstration", "SimpleCSharpDemonstartion\SimpleCSharpDemonstration.csproj", "{13451E45-2205-4842-A2A4-AFCBF0438221}"
EndProject
Project("{9A19103F-16F7-4668-BE54-9A1E7A4F7556}") = "CommandWhenBitSet", "CommandWhenBitSet\CommandWhenBitSet.csproj", "{453EC845-36A3-4E3B-96D3-B94941C6B86C}"
EndProject
Project("{9A19103F-16F7-4668-BE54-9A1E7A4F7556}") = "ExampleWPFVisualization", "ExampleWPFVisualization\ExampleWPFVisualization.csproj", "{D1694580-B325-46AD-80A0-F12B9B3640AB}"
EndProject
Project("{9A19103F-16F7-4668-BE54-9A1E7A4F7556}") = "WPFVarTab", "WPFVarTab\WPFVarTab.csproj", "{0AE2D6E8-B624-448E-9AEE-86AC5DC6D578}"
EndProject
Project("{9A19103F-16F7-4668-BE54-9A1E7A4F7556}") = "ReadSpeedtest", "ReadSpeedtest\ReadSpeedtest.csproj", "{D02CFF29-606A-4BF9-9E91-F51D4674E8F0}"
EndProject
Project("{2150E333-8FDC-42A3-9474-1A3956D46DE8}") = "Examples", "Examples", "{A4F11331-531B-4A7C-84B2-E319658AE2B8}"
EndProject
Project("{9A19103F-16F7-4668-BE54-9A1E7A4F7556}") = "MultipleSPSExample", "MultipleSPSExample\MultipleSPSExample.csproj", "{FB1528D5-AF76-41BA-8405-9C3A0728EF15}"
EndProject
Project("{2150E333-8FDC-42A3-9474-1A3956D46DE8}") = "Projects", "Projects", "{1B6DEB93-FB30-4585-BE77-A8444D86179C}"
EndProject
Project("{9A19103F-16F7-4668-BE54-9A1E7A4F7556}") = "JFK-ProtokollerConfigurationTool", "DotNetDatenbankProtokollerV2\ConfigurationTool\JFK-ProtokollerConfigurationTool.csproj", "{4D7AC4C1-8ED3-49EA-A55F-A4E5DF3EB156}"
EndProject
Project("{2150E333-8FDC-42A3-9474-1A3956D46DE8}") = "JFK-Protokoller", "JFK-Protokoller", "{EADA891B-F378-4243-B031-9E65667377A2}"
EndProject
Project("{9A19103F-16F7-4668-BE54-9A1E7A4F7556}") = "JFK-ProtokollerService", "DotNetDatenbankProtokollerV2\DotNetSimaticDatabaseProtokollerService\JFK-ProtokollerService.csproj", "{68973EB1-7F9F-48AF-B963-98848605976A}"
EndProject
Project("{9A19103F-16F7-4668-BE54-9A1E7A4F7556}") = "JFK-ProtokollerLibrary", "DotNetDatenbankProtokollerV2\ProtokollerLibrary\JFK-ProtokollerLibrary.csproj", "{D5B6CB09-2B0B-4C98-B44F-EC245C291CF8}"
EndProject
Project("{9A19103F-16F7-4668-BE54-9A1E7A4F7556}") = "Kopplungstester", "Projects\Kopplungstester\Kopplungstester.csproj", "{3DC74553-0988-4364-8F7D-D13B8FBB16D9}"
EndProject
Project("{9A19103F-16F7-4668-BE54-9A1E7A4F7556}") = "ToolBoxLibUnitTests", "ToolBoxLibUnitTests\ToolBoxLibUnitTests.csproj", "{5733381B-0B75-4E91-8EBA-5FAF45010BE0}"
EndProject
Project("{9A19103F-16F7-4668-BE54-9A1E7A4F7556}") = "TCPForwarder", "TCPForwarder\TCPForwarder.csproj", "{84E1F59D-29A6-4E1D-A3A8-35CD92B54488}"
EndProject
Project("{9A19103F-16F7-4668-BE54-9A1E7A4F7556}") = "BackupRestoreBlocks", "BackupRestoreBlocks\BackupRestoreBlocks.csproj", "{6622399F-2746-4F63-BAFF-F30230168813}"
EndProject
Project("{9A19103F-16F7-4668-BE54-9A1E7A4F7556}") = "S7ProjectBlockComparer", "S7ProjectBlockComparer\S7ProjectBlockComparer.csproj", "{FBABACF1-5406-4A50-983A-9C6D4B923DFD}"
EndProject
Project("{9A19103F-16F7-4668-BE54-9A1E7A4F7556}") = "SimpleTcpSocketWPF", "SimpleTcpSocketWPF\SimpleTcpSocketWPF.csproj", "{241E5827-6D19-4049-B9D4-98C843C8B982}"
EndProject
Project("{9A19103F-16F7-4668-BE54-9A1E7A4F7556}") = "SimpleCSharpService", "SimpleCSharpService\SimpleCSharpService.csproj", "{E08F71C6-E98F-41BB-BA6B-056FD08D0EB4}"
EndProject
Project("{9A19103F-16F7-4668-BE54-9A1E7A4F7556}") = "DbfReader", "DbfReader\DbfReader.csproj", "{A7D1B64C-7045-4B32-9AD7-7649E40512C7}"
EndProject
Project("{9A19103F-16F7-4668-BE54-9A1E7A4F7556}") = "ToolReader", "ReadTools\ToolReader.csproj", "{C0C1142F-592C-4F26-9655-A737C74DAF7E}"
EndProject
Project("{9A19103F-16F7-4668-BE54-9A1E7A4F7556}") = "TiaGitHandler", "TiaGitHandler\TiaGitHandler.csproj", "{147CD31F-F449-4568-AF62-56B987851D26}"
EndProject
Project("{9A19103F-16F7-4668-BE54-9A1E7A4F7556}") = "DotNetSiemensPLCToolBoxLibrary.TIAV14SP1", "DotNetSiemensPLCToolBoxLibrary.TIAV14SP1\DotNetSiemensPLCToolBoxLibrary.TIAV14SP1.csproj", "{AB0895AE-446F-4CD8-96AB-C8007D618593}"
EndProject
Project("{9A19103F-16F7-4668-BE54-9A1E7A4F7556}") = "DotNetSiemensPLCToolBoxLibrary.TIAV13", "DotNetSiemensPLCToolBoxLibrary.TIAV13\DotNetSiemensPLCToolBoxLibrary.TIAV13.csproj", "{BB3726B7-E1F9-4D3B-AEE5-06186285388C}"
EndProject
Project("{2150E333-8FDC-42A3-9474-1A3956D46DE8}") = "Tests", "Tests", "{14BB6088-3FC3-4643-B170-0BF3F6F91028}"
EndProject
Project("{9A19103F-16F7-4668-BE54-9A1E7A4F7556}") = "DotNetSiemensPLCToolBoxLibrary.TIAV15", "DotNetSiemensPLCToolBoxLibrary.TIAV15\DotNetSiemensPLCToolBoxLibrary.TIAV15.csproj", "{61E6DB85-4280-4963-95EF-254BA1A81C04}"
EndProject
Project("{9A19103F-16F7-4668-BE54-9A1E7A4F7556}") = "DotNetSiemensPLCToolBoxLibrary.TIAV15_1", "DotNetSiemensPLCToolBoxLibrary.TIAV15_1\DotNetSiemensPLCToolBoxLibrary.TIAV15_1.csproj", "{6E5B6D5D-EC1B-4C70-A4CA-6A1F7201F5A7}"
EndProject
Project("{9A19103F-16F7-4668-BE54-9A1E7A4F7556}") = "TiaImporter", "TiaImporter\TiaImporter.csproj", "{CB0E7339-773D-4BD1-B636-4BAD6B1AA367}"
EndProject
Project("{9A19103F-16F7-4668-BE54-9A1E7A4F7556}") = "DotNetSiemensPLCToolBoxLibrary.WinForms", "LibNoDaveConnectionLibrary.WinForms\DotNetSiemensPLCToolBoxLibrary.WinForms.csproj", "{ECF0B1C5-3711-4C09-8B89-178D5F2428B4}"
EndProject
Project("{9A19103F-16F7-4668-BE54-9A1E7A4F7556}") = "BackupS7", "BackupS7\BackupS7.csproj", "{B2D9C814-26B4-46DF-AEAF-E82606E4E8B2}"
EndProject
Project("{9A19103F-16F7-4668-BE54-9A1E7A4F7556}") = "DotNetSiemensPLCToolBoxLibrary.TIAV16", "DotNetSiemensPLCToolBoxLibrary.TIAV16\DotNetSiemensPLCToolBoxLibrary.TIAV16.csproj", "{E7ACF608-6115-4ED9-9D46-007FE59A8058}"
EndProject
Project("{9A19103F-16F7-4668-BE54-9A1E7A4F7556}") = "TiaXmlCombiner", "TiaXmlCombiner\TiaXmlCombiner.csproj", "{5623A0DA-4CC8-4954-AD76-90C25E10B2D2}"
EndProject
Project("{9A19103F-16F7-4668-BE54-9A1E7A4F7556}") = "DotNetSiemensPLCToolBoxLibrary.TIAV17", "DotNetSiemensPLCToolBoxLibrary.TIAV17\DotNetSiemensPLCToolBoxLibrary.TIAV17.csproj", "{4F69CF34-C327-4D89-9FFA-580347F7FF6D}"
EndProject
Project("{9A19103F-16F7-4668-BE54-9A1E7A4F7556}") = "DotNetSiemensPLCToolBoxLibrary.TIAV18", "DotNetSiemensPLCToolBoxLibrary.TIAV18\DotNetSiemensPLCToolBoxLibrary.TIAV18.csproj", "{205D9A9A-F31F-401B-AADA-AC52188B7352}"
EndProject
Project("{9A19103F-16F7-4668-BE54-9A1E7A4F7556}") = "DotNetSiemensPLCToolBoxLibrary.TIAV19", "DotNetSiemensPLCToolBoxLibrary.TIAV19\DotNetSiemensPLCToolBoxLibrary.TIAV19.csproj", "{ADC06ADE-EB03-4422-A7B4-4291AD994D91}"
EndProject
Project("{2150E333-8FDC-42A3-9474-1A3956D46DE8}") = ".github", ".github", "{66A4ADD6-8EE2-49BD-B939-C5E69CAA3A9E}"
	ProjectSection(SolutionItems) = preProject
		.github\FUNDING.yml = .github\FUNDING.yml
	EndProjectSection
EndProject
Project("{2150E333-8FDC-42A3-9474-1A3956D46DE8}") = "workflows", "workflows", "{5FC399A5-1C21-480A-987F-16388079F245}"
	ProjectSection(SolutionItems) = preProject
		.github\workflows\build-pull.yml = .github\workflows\build-pull.yml
		.github\workflows\build.yml = .github\workflows\build.yml
		.github\workflows\release.yml = .github\workflows\release.yml
	EndProjectSection
EndProject
Project("{9A19103F-16F7-4668-BE54-9A1E7A4F7556}") = "DotNetSiemensPLCToolBoxLibrary.TIAV20", "DotNetSiemensPLCToolBoxLibrary.TIAV20\DotNetSiemensPLCToolBoxLibrary.TIAV20.csproj", "{47AFC1C0-C7BA-4299-9C62-17FDE1676167}"
EndProject
Project("{FAE04EC0-301F-11D3-BF4B-00C04F79EFBC}") = "DotNetSiemensPLCToolBoxLibrary.TIAV21", "DotNetSiemensPLCToolBoxLibrary.TIAV21\DotNetSiemensPLCToolBoxLibrary.TIAV21.csproj", "{42C91E85-7052-F066-3257-5F05F7258BAC}"
EndProject
Global
	GlobalSection(SolutionConfigurationPlatforms) = preSolution
		Debug|Any CPU = Debug|Any CPU
		Debug|iPhone = Debug|iPhone
		Debug|iPhoneSimulator = Debug|iPhoneSimulator
		Debug|Mixed Platforms = Debug|Mixed Platforms
		Debug|x86 = Debug|x86
		Release|Any CPU = Release|Any CPU
		Release|iPhone = Release|iPhone
		Release|iPhoneSimulator = Release|iPhoneSimulator
		Release|Mixed Platforms = Release|Mixed Platforms
		Release|x86 = Release|x86
	EndGlobalSection
	GlobalSection(ProjectConfigurationPlatforms) = postSolution
		{E3ED87E8-B550-46AC-9196-9688D30EFD29}.Debug|Any CPU.ActiveCfg = Debug|Any CPU
		{E3ED87E8-B550-46AC-9196-9688D30EFD29}.Debug|Any CPU.Build.0 = Debug|Any CPU
		{E3ED87E8-B550-46AC-9196-9688D30EFD29}.Debug|iPhone.ActiveCfg = Debug|Any CPU
		{E3ED87E8-B550-46AC-9196-9688D30EFD29}.Debug|iPhoneSimulator.ActiveCfg = Debug|Any CPU
		{E3ED87E8-B550-46AC-9196-9688D30EFD29}.Debug|Mixed Platforms.ActiveCfg = Debug|Any CPU
		{E3ED87E8-B550-46AC-9196-9688D30EFD29}.Debug|Mixed Platforms.Build.0 = Debug|Any CPU
		{E3ED87E8-B550-46AC-9196-9688D30EFD29}.Debug|x86.ActiveCfg = Debug|Any CPU
		{E3ED87E8-B550-46AC-9196-9688D30EFD29}.Release|Any CPU.ActiveCfg = Release|Any CPU
		{E3ED87E8-B550-46AC-9196-9688D30EFD29}.Release|Any CPU.Build.0 = Release|Any CPU
		{E3ED87E8-B550-46AC-9196-9688D30EFD29}.Release|iPhone.ActiveCfg = Release|Any CPU
		{E3ED87E8-B550-46AC-9196-9688D30EFD29}.Release|iPhoneSimulator.ActiveCfg = Release|Any CPU
		{E3ED87E8-B550-46AC-9196-9688D30EFD29}.Release|Mixed Platforms.ActiveCfg = Release|Any CPU
		{E3ED87E8-B550-46AC-9196-9688D30EFD29}.Release|Mixed Platforms.Build.0 = Release|Any CPU
		{E3ED87E8-B550-46AC-9196-9688D30EFD29}.Release|x86.ActiveCfg = Release|Any CPU
		{D5525AD8-E501-45A8-BEA5-F9BDB468B427}.Debug|Any CPU.ActiveCfg = Debug|Any CPU
		{D5525AD8-E501-45A8-BEA5-F9BDB468B427}.Debug|Any CPU.Build.0 = Debug|Any CPU
		{D5525AD8-E501-45A8-BEA5-F9BDB468B427}.Debug|iPhone.ActiveCfg = Debug|Any CPU
		{D5525AD8-E501-45A8-BEA5-F9BDB468B427}.Debug|iPhone.Build.0 = Debug|Any CPU
		{D5525AD8-E501-45A8-BEA5-F9BDB468B427}.Debug|iPhoneSimulator.ActiveCfg = Debug|Any CPU
		{D5525AD8-E501-45A8-BEA5-F9BDB468B427}.Debug|iPhoneSimulator.Build.0 = Debug|Any CPU
		{D5525AD8-E501-45A8-BEA5-F9BDB468B427}.Debug|Mixed Platforms.ActiveCfg = Debug|Any CPU
		{D5525AD8-E501-45A8-BEA5-F9BDB468B427}.Debug|Mixed Platforms.Build.0 = Debug|Any CPU
		{D5525AD8-E501-45A8-BEA5-F9BDB468B427}.Debug|x86.ActiveCfg = Debug|Any CPU
		{D5525AD8-E501-45A8-BEA5-F9BDB468B427}.Debug|x86.Build.0 = Debug|Any CPU
		{D5525AD8-E501-45A8-BEA5-F9BDB468B427}.Release|Any CPU.ActiveCfg = Release|Any CPU
		{D5525AD8-E501-45A8-BEA5-F9BDB468B427}.Release|Any CPU.Build.0 = Release|Any CPU
		{D5525AD8-E501-45A8-BEA5-F9BDB468B427}.Release|iPhone.ActiveCfg = Release|Any CPU
		{D5525AD8-E501-45A8-BEA5-F9BDB468B427}.Release|iPhone.Build.0 = Release|Any CPU
		{D5525AD8-E501-45A8-BEA5-F9BDB468B427}.Release|iPhoneSimulator.ActiveCfg = Release|Any CPU
		{D5525AD8-E501-45A8-BEA5-F9BDB468B427}.Release|iPhoneSimulator.Build.0 = Release|Any CPU
		{D5525AD8-E501-45A8-BEA5-F9BDB468B427}.Release|Mixed Platforms.ActiveCfg = Release|Any CPU
		{D5525AD8-E501-45A8-BEA5-F9BDB468B427}.Release|Mixed Platforms.Build.0 = Release|Any CPU
		{D5525AD8-E501-45A8-BEA5-F9BDB468B427}.Release|x86.ActiveCfg = Release|Any CPU
		{D5525AD8-E501-45A8-BEA5-F9BDB468B427}.Release|x86.Build.0 = Release|Any CPU
		{1182E730-FA4F-4712-8B8B-6432848C3048}.Debug|Any CPU.ActiveCfg = Debug|Any CPU
		{1182E730-FA4F-4712-8B8B-6432848C3048}.Debug|Any CPU.Build.0 = Debug|Any CPU
		{1182E730-FA4F-4712-8B8B-6432848C3048}.Debug|iPhone.ActiveCfg = Debug|Any CPU
		{1182E730-FA4F-4712-8B8B-6432848C3048}.Debug|iPhone.Build.0 = Debug|Any CPU
		{1182E730-FA4F-4712-8B8B-6432848C3048}.Debug|iPhoneSimulator.ActiveCfg = Debug|Any CPU
		{1182E730-FA4F-4712-8B8B-6432848C3048}.Debug|iPhoneSimulator.Build.0 = Debug|Any CPU
		{1182E730-FA4F-4712-8B8B-6432848C3048}.Debug|Mixed Platforms.ActiveCfg = Debug|Any CPU
		{1182E730-FA4F-4712-8B8B-6432848C3048}.Debug|Mixed Platforms.Build.0 = Debug|Any CPU
		{1182E730-FA4F-4712-8B8B-6432848C3048}.Debug|x86.ActiveCfg = Debug|Any CPU
		{1182E730-FA4F-4712-8B8B-6432848C3048}.Debug|x86.Build.0 = Debug|Any CPU
		{1182E730-FA4F-4712-8B8B-6432848C3048}.Release|Any CPU.ActiveCfg = Release|Any CPU
		{1182E730-FA4F-4712-8B8B-6432848C3048}.Release|Any CPU.Build.0 = Release|Any CPU
		{1182E730-FA4F-4712-8B8B-6432848C3048}.Release|iPhone.ActiveCfg = Release|Any CPU
		{1182E730-FA4F-4712-8B8B-6432848C3048}.Release|iPhone.Build.0 = Release|Any CPU
		{1182E730-FA4F-4712-8B8B-6432848C3048}.Release|iPhoneSimulator.ActiveCfg = Release|Any CPU
		{1182E730-FA4F-4712-8B8B-6432848C3048}.Release|iPhoneSimulator.Build.0 = Release|Any CPU
		{1182E730-FA4F-4712-8B8B-6432848C3048}.Release|Mixed Platforms.ActiveCfg = Release|Any CPU
		{1182E730-FA4F-4712-8B8B-6432848C3048}.Release|Mixed Platforms.Build.0 = Release|Any CPU
		{1182E730-FA4F-4712-8B8B-6432848C3048}.Release|x86.ActiveCfg = Release|Any CPU
		{1182E730-FA4F-4712-8B8B-6432848C3048}.Release|x86.Build.0 = Release|Any CPU
		{9EB7BDB5-FDEE-466A-B2FF-63F087B160CE}.Debug|Any CPU.ActiveCfg = Debug|Any CPU
		{9EB7BDB5-FDEE-466A-B2FF-63F087B160CE}.Debug|Any CPU.Build.0 = Debug|Any CPU
		{9EB7BDB5-FDEE-466A-B2FF-63F087B160CE}.Debug|iPhone.ActiveCfg = Debug|Any CPU
		{9EB7BDB5-FDEE-466A-B2FF-63F087B160CE}.Debug|iPhone.Build.0 = Debug|Any CPU
		{9EB7BDB5-FDEE-466A-B2FF-63F087B160CE}.Debug|iPhoneSimulator.ActiveCfg = Debug|Any CPU
		{9EB7BDB5-FDEE-466A-B2FF-63F087B160CE}.Debug|iPhoneSimulator.Build.0 = Debug|Any CPU
		{9EB7BDB5-FDEE-466A-B2FF-63F087B160CE}.Debug|Mixed Platforms.ActiveCfg = Debug|Any CPU
		{9EB7BDB5-FDEE-466A-B2FF-63F087B160CE}.Debug|Mixed Platforms.Build.0 = Debug|Any CPU
		{9EB7BDB5-FDEE-466A-B2FF-63F087B160CE}.Debug|x86.ActiveCfg = Debug|Any CPU
		{9EB7BDB5-FDEE-466A-B2FF-63F087B160CE}.Debug|x86.Build.0 = Debug|Any CPU
		{9EB7BDB5-FDEE-466A-B2FF-63F087B160CE}.Release|Any CPU.ActiveCfg = Release|Any CPU
		{9EB7BDB5-FDEE-466A-B2FF-63F087B160CE}.Release|Any CPU.Build.0 = Release|Any CPU
		{9EB7BDB5-FDEE-466A-B2FF-63F087B160CE}.Release|iPhone.ActiveCfg = Release|Any CPU
		{9EB7BDB5-FDEE-466A-B2FF-63F087B160CE}.Release|iPhone.Build.0 = Release|Any CPU
		{9EB7BDB5-FDEE-466A-B2FF-63F087B160CE}.Release|iPhoneSimulator.ActiveCfg = Release|Any CPU
		{9EB7BDB5-FDEE-466A-B2FF-63F087B160CE}.Release|iPhoneSimulator.Build.0 = Release|Any CPU
		{9EB7BDB5-FDEE-466A-B2FF-63F087B160CE}.Release|Mixed Platforms.ActiveCfg = Release|Any CPU
		{9EB7BDB5-FDEE-466A-B2FF-63F087B160CE}.Release|Mixed Platforms.Build.0 = Release|Any CPU
		{9EB7BDB5-FDEE-466A-B2FF-63F087B160CE}.Release|x86.ActiveCfg = Release|Any CPU
		{9EB7BDB5-FDEE-466A-B2FF-63F087B160CE}.Release|x86.Build.0 = Release|Any CPU
		{383B1EB0-E39D-41D4-BAE8-FFC619C33AD8}.Debug|Any CPU.ActiveCfg = Debug|Any CPU
		{383B1EB0-E39D-41D4-BAE8-FFC619C33AD8}.Debug|Any CPU.Build.0 = Debug|Any CPU
		{383B1EB0-E39D-41D4-BAE8-FFC619C33AD8}.Debug|iPhone.ActiveCfg = Debug|Any CPU
		{383B1EB0-E39D-41D4-BAE8-FFC619C33AD8}.Debug|iPhone.Build.0 = Debug|Any CPU
		{383B1EB0-E39D-41D4-BAE8-FFC619C33AD8}.Debug|iPhoneSimulator.ActiveCfg = Debug|Any CPU
		{383B1EB0-E39D-41D4-BAE8-FFC619C33AD8}.Debug|iPhoneSimulator.Build.0 = Debug|Any CPU
		{383B1EB0-E39D-41D4-BAE8-FFC619C33AD8}.Debug|Mixed Platforms.ActiveCfg = Debug|Any CPU
		{383B1EB0-E39D-41D4-BAE8-FFC619C33AD8}.Debug|Mixed Platforms.Build.0 = Debug|Any CPU
		{383B1EB0-E39D-41D4-BAE8-FFC619C33AD8}.Debug|x86.ActiveCfg = Debug|Any CPU
		{383B1EB0-E39D-41D4-BAE8-FFC619C33AD8}.Debug|x86.Build.0 = Debug|Any CPU
		{383B1EB0-E39D-41D4-BAE8-FFC619C33AD8}.Release|Any CPU.ActiveCfg = Release|Any CPU
		{383B1EB0-E39D-41D4-BAE8-FFC619C33AD8}.Release|Any CPU.Build.0 = Release|Any CPU
		{383B1EB0-E39D-41D4-BAE8-FFC619C33AD8}.Release|iPhone.ActiveCfg = Release|Any CPU
		{383B1EB0-E39D-41D4-BAE8-FFC619C33AD8}.Release|iPhone.Build.0 = Release|Any CPU
		{383B1EB0-E39D-41D4-BAE8-FFC619C33AD8}.Release|iPhoneSimulator.ActiveCfg = Release|Any CPU
		{383B1EB0-E39D-41D4-BAE8-FFC619C33AD8}.Release|iPhoneSimulator.Build.0 = Release|Any CPU
		{383B1EB0-E39D-41D4-BAE8-FFC619C33AD8}.Release|Mixed Platforms.ActiveCfg = Release|Any CPU
		{383B1EB0-E39D-41D4-BAE8-FFC619C33AD8}.Release|Mixed Platforms.Build.0 = Release|Any CPU
		{383B1EB0-E39D-41D4-BAE8-FFC619C33AD8}.Release|x86.ActiveCfg = Release|Any CPU
		{383B1EB0-E39D-41D4-BAE8-FFC619C33AD8}.Release|x86.Build.0 = Release|Any CPU
		{13451E45-2205-4842-A2A4-AFCBF0438221}.Debug|Any CPU.ActiveCfg = Debug|Any CPU
		{13451E45-2205-4842-A2A4-AFCBF0438221}.Debug|Any CPU.Build.0 = Debug|Any CPU
		{13451E45-2205-4842-A2A4-AFCBF0438221}.Debug|iPhone.ActiveCfg = Debug|Any CPU
		{13451E45-2205-4842-A2A4-AFCBF0438221}.Debug|iPhone.Build.0 = Debug|Any CPU
		{13451E45-2205-4842-A2A4-AFCBF0438221}.Debug|iPhoneSimulator.ActiveCfg = Debug|Any CPU
		{13451E45-2205-4842-A2A4-AFCBF0438221}.Debug|iPhoneSimulator.Build.0 = Debug|Any CPU
		{13451E45-2205-4842-A2A4-AFCBF0438221}.Debug|Mixed Platforms.ActiveCfg = Debug|Any CPU
		{13451E45-2205-4842-A2A4-AFCBF0438221}.Debug|Mixed Platforms.Build.0 = Debug|Any CPU
		{13451E45-2205-4842-A2A4-AFCBF0438221}.Debug|x86.ActiveCfg = Debug|Any CPU
		{13451E45-2205-4842-A2A4-AFCBF0438221}.Debug|x86.Build.0 = Debug|Any CPU
		{13451E45-2205-4842-A2A4-AFCBF0438221}.Release|Any CPU.ActiveCfg = Release|Any CPU
		{13451E45-2205-4842-A2A4-AFCBF0438221}.Release|Any CPU.Build.0 = Release|Any CPU
		{13451E45-2205-4842-A2A4-AFCBF0438221}.Release|iPhone.ActiveCfg = Release|Any CPU
		{13451E45-2205-4842-A2A4-AFCBF0438221}.Release|iPhone.Build.0 = Release|Any CPU
		{13451E45-2205-4842-A2A4-AFCBF0438221}.Release|iPhoneSimulator.ActiveCfg = Release|Any CPU
		{13451E45-2205-4842-A2A4-AFCBF0438221}.Release|iPhoneSimulator.Build.0 = Release|Any CPU
		{13451E45-2205-4842-A2A4-AFCBF0438221}.Release|Mixed Platforms.ActiveCfg = Release|Any CPU
		{13451E45-2205-4842-A2A4-AFCBF0438221}.Release|Mixed Platforms.Build.0 = Release|Any CPU
		{13451E45-2205-4842-A2A4-AFCBF0438221}.Release|x86.ActiveCfg = Release|Any CPU
		{13451E45-2205-4842-A2A4-AFCBF0438221}.Release|x86.Build.0 = Release|Any CPU
		{453EC845-36A3-4E3B-96D3-B94941C6B86C}.Debug|Any CPU.ActiveCfg = Debug|Any CPU
		{453EC845-36A3-4E3B-96D3-B94941C6B86C}.Debug|Any CPU.Build.0 = Debug|Any CPU
		{453EC845-36A3-4E3B-96D3-B94941C6B86C}.Debug|iPhone.ActiveCfg = Debug|Any CPU
		{453EC845-36A3-4E3B-96D3-B94941C6B86C}.Debug|iPhone.Build.0 = Debug|Any CPU
		{453EC845-36A3-4E3B-96D3-B94941C6B86C}.Debug|iPhoneSimulator.ActiveCfg = Debug|Any CPU
		{453EC845-36A3-4E3B-96D3-B94941C6B86C}.Debug|iPhoneSimulator.Build.0 = Debug|Any CPU
		{453EC845-36A3-4E3B-96D3-B94941C6B86C}.Debug|Mixed Platforms.ActiveCfg = Debug|Any CPU
		{453EC845-36A3-4E3B-96D3-B94941C6B86C}.Debug|Mixed Platforms.Build.0 = Debug|Any CPU
		{453EC845-36A3-4E3B-96D3-B94941C6B86C}.Debug|x86.ActiveCfg = Debug|Any CPU
		{453EC845-36A3-4E3B-96D3-B94941C6B86C}.Debug|x86.Build.0 = Debug|Any CPU
		{453EC845-36A3-4E3B-96D3-B94941C6B86C}.Release|Any CPU.ActiveCfg = Release|Any CPU
		{453EC845-36A3-4E3B-96D3-B94941C6B86C}.Release|Any CPU.Build.0 = Release|Any CPU
		{453EC845-36A3-4E3B-96D3-B94941C6B86C}.Release|iPhone.ActiveCfg = Release|Any CPU
		{453EC845-36A3-4E3B-96D3-B94941C6B86C}.Release|iPhone.Build.0 = Release|Any CPU
		{453EC845-36A3-4E3B-96D3-B94941C6B86C}.Release|iPhoneSimulator.ActiveCfg = Release|Any CPU
		{453EC845-36A3-4E3B-96D3-B94941C6B86C}.Release|iPhoneSimulator.Build.0 = Release|Any CPU
		{453EC845-36A3-4E3B-96D3-B94941C6B86C}.Release|Mixed Platforms.ActiveCfg = Release|Any CPU
		{453EC845-36A3-4E3B-96D3-B94941C6B86C}.Release|Mixed Platforms.Build.0 = Release|Any CPU
		{453EC845-36A3-4E3B-96D3-B94941C6B86C}.Release|x86.ActiveCfg = Release|Any CPU
		{453EC845-36A3-4E3B-96D3-B94941C6B86C}.Release|x86.Build.0 = Release|Any CPU
		{D1694580-B325-46AD-80A0-F12B9B3640AB}.Debug|Any CPU.ActiveCfg = Debug|Any CPU
		{D1694580-B325-46AD-80A0-F12B9B3640AB}.Debug|Any CPU.Build.0 = Debug|Any CPU
		{D1694580-B325-46AD-80A0-F12B9B3640AB}.Debug|iPhone.ActiveCfg = Debug|Any CPU
		{D1694580-B325-46AD-80A0-F12B9B3640AB}.Debug|iPhone.Build.0 = Debug|Any CPU
		{D1694580-B325-46AD-80A0-F12B9B3640AB}.Debug|iPhoneSimulator.ActiveCfg = Debug|Any CPU
		{D1694580-B325-46AD-80A0-F12B9B3640AB}.Debug|iPhoneSimulator.Build.0 = Debug|Any CPU
		{D1694580-B325-46AD-80A0-F12B9B3640AB}.Debug|Mixed Platforms.ActiveCfg = Debug|Any CPU
		{D1694580-B325-46AD-80A0-F12B9B3640AB}.Debug|Mixed Platforms.Build.0 = Debug|Any CPU
		{D1694580-B325-46AD-80A0-F12B9B3640AB}.Debug|x86.ActiveCfg = Debug|Any CPU
		{D1694580-B325-46AD-80A0-F12B9B3640AB}.Debug|x86.Build.0 = Debug|Any CPU
		{D1694580-B325-46AD-80A0-F12B9B3640AB}.Release|Any CPU.ActiveCfg = Release|Any CPU
		{D1694580-B325-46AD-80A0-F12B9B3640AB}.Release|Any CPU.Build.0 = Release|Any CPU
		{D1694580-B325-46AD-80A0-F12B9B3640AB}.Release|iPhone.ActiveCfg = Release|Any CPU
		{D1694580-B325-46AD-80A0-F12B9B3640AB}.Release|iPhone.Build.0 = Release|Any CPU
		{D1694580-B325-46AD-80A0-F12B9B3640AB}.Release|iPhoneSimulator.ActiveCfg = Release|Any CPU
		{D1694580-B325-46AD-80A0-F12B9B3640AB}.Release|iPhoneSimulator.Build.0 = Release|Any CPU
		{D1694580-B325-46AD-80A0-F12B9B3640AB}.Release|Mixed Platforms.ActiveCfg = Release|Any CPU
		{D1694580-B325-46AD-80A0-F12B9B3640AB}.Release|Mixed Platforms.Build.0 = Release|Any CPU
		{D1694580-B325-46AD-80A0-F12B9B3640AB}.Release|x86.ActiveCfg = Release|Any CPU
		{D1694580-B325-46AD-80A0-F12B9B3640AB}.Release|x86.Build.0 = Release|Any CPU
		{0AE2D6E8-B624-448E-9AEE-86AC5DC6D578}.Debug|Any CPU.ActiveCfg = Debug|Any CPU
		{0AE2D6E8-B624-448E-9AEE-86AC5DC6D578}.Debug|Any CPU.Build.0 = Debug|Any CPU
		{0AE2D6E8-B624-448E-9AEE-86AC5DC6D578}.Debug|iPhone.ActiveCfg = Debug|Any CPU
		{0AE2D6E8-B624-448E-9AEE-86AC5DC6D578}.Debug|iPhone.Build.0 = Debug|Any CPU
		{0AE2D6E8-B624-448E-9AEE-86AC5DC6D578}.Debug|iPhoneSimulator.ActiveCfg = Debug|Any CPU
		{0AE2D6E8-B624-448E-9AEE-86AC5DC6D578}.Debug|iPhoneSimulator.Build.0 = Debug|Any CPU
		{0AE2D6E8-B624-448E-9AEE-86AC5DC6D578}.Debug|Mixed Platforms.ActiveCfg = Debug|Any CPU
		{0AE2D6E8-B624-448E-9AEE-86AC5DC6D578}.Debug|Mixed Platforms.Build.0 = Debug|Any CPU
		{0AE2D6E8-B624-448E-9AEE-86AC5DC6D578}.Debug|x86.ActiveCfg = Debug|Any CPU
		{0AE2D6E8-B624-448E-9AEE-86AC5DC6D578}.Debug|x86.Build.0 = Debug|Any CPU
		{0AE2D6E8-B624-448E-9AEE-86AC5DC6D578}.Release|Any CPU.ActiveCfg = Release|Any CPU
		{0AE2D6E8-B624-448E-9AEE-86AC5DC6D578}.Release|Any CPU.Build.0 = Release|Any CPU
		{0AE2D6E8-B624-448E-9AEE-86AC5DC6D578}.Release|iPhone.ActiveCfg = Release|Any CPU
		{0AE2D6E8-B624-448E-9AEE-86AC5DC6D578}.Release|iPhone.Build.0 = Release|Any CPU
		{0AE2D6E8-B624-448E-9AEE-86AC5DC6D578}.Release|iPhoneSimulator.ActiveCfg = Release|Any CPU
		{0AE2D6E8-B624-448E-9AEE-86AC5DC6D578}.Release|iPhoneSimulator.Build.0 = Release|Any CPU
		{0AE2D6E8-B624-448E-9AEE-86AC5DC6D578}.Release|Mixed Platforms.ActiveCfg = Release|Any CPU
		{0AE2D6E8-B624-448E-9AEE-86AC5DC6D578}.Release|Mixed Platforms.Build.0 = Release|Any CPU
		{0AE2D6E8-B624-448E-9AEE-86AC5DC6D578}.Release|x86.ActiveCfg = Release|Any CPU
		{0AE2D6E8-B624-448E-9AEE-86AC5DC6D578}.Release|x86.Build.0 = Release|Any CPU
		{D02CFF29-606A-4BF9-9E91-F51D4674E8F0}.Debug|Any CPU.ActiveCfg = Debug|Any CPU
		{D02CFF29-606A-4BF9-9E91-F51D4674E8F0}.Debug|Any CPU.Build.0 = Debug|Any CPU
		{D02CFF29-606A-4BF9-9E91-F51D4674E8F0}.Debug|iPhone.ActiveCfg = Debug|Any CPU
		{D02CFF29-606A-4BF9-9E91-F51D4674E8F0}.Debug|iPhone.Build.0 = Debug|Any CPU
		{D02CFF29-606A-4BF9-9E91-F51D4674E8F0}.Debug|iPhoneSimulator.ActiveCfg = Debug|Any CPU
		{D02CFF29-606A-4BF9-9E91-F51D4674E8F0}.Debug|iPhoneSimulator.Build.0 = Debug|Any CPU
		{D02CFF29-606A-4BF9-9E91-F51D4674E8F0}.Debug|Mixed Platforms.ActiveCfg = Debug|Any CPU
		{D02CFF29-606A-4BF9-9E91-F51D4674E8F0}.Debug|Mixed Platforms.Build.0 = Debug|Any CPU
		{D02CFF29-606A-4BF9-9E91-F51D4674E8F0}.Debug|x86.ActiveCfg = Debug|Any CPU
		{D02CFF29-606A-4BF9-9E91-F51D4674E8F0}.Debug|x86.Build.0 = Debug|Any CPU
		{D02CFF29-606A-4BF9-9E91-F51D4674E8F0}.Release|Any CPU.ActiveCfg = Release|Any CPU
		{D02CFF29-606A-4BF9-9E91-F51D4674E8F0}.Release|Any CPU.Build.0 = Release|Any CPU
		{D02CFF29-606A-4BF9-9E91-F51D4674E8F0}.Release|iPhone.ActiveCfg = Release|Any CPU
		{D02CFF29-606A-4BF9-9E91-F51D4674E8F0}.Release|iPhone.Build.0 = Release|Any CPU
		{D02CFF29-606A-4BF9-9E91-F51D4674E8F0}.Release|iPhoneSimulator.ActiveCfg = Release|Any CPU
		{D02CFF29-606A-4BF9-9E91-F51D4674E8F0}.Release|iPhoneSimulator.Build.0 = Release|Any CPU
		{D02CFF29-606A-4BF9-9E91-F51D4674E8F0}.Release|Mixed Platforms.ActiveCfg = Release|Any CPU
		{D02CFF29-606A-4BF9-9E91-F51D4674E8F0}.Release|Mixed Platforms.Build.0 = Release|Any CPU
		{D02CFF29-606A-4BF9-9E91-F51D4674E8F0}.Release|x86.ActiveCfg = Release|Any CPU
		{D02CFF29-606A-4BF9-9E91-F51D4674E8F0}.Release|x86.Build.0 = Release|Any CPU
		{FB1528D5-AF76-41BA-8405-9C3A0728EF15}.Debug|Any CPU.ActiveCfg = Debug|Any CPU
		{FB1528D5-AF76-41BA-8405-9C3A0728EF15}.Debug|Any CPU.Build.0 = Debug|Any CPU
		{FB1528D5-AF76-41BA-8405-9C3A0728EF15}.Debug|iPhone.ActiveCfg = Debug|Any CPU
		{FB1528D5-AF76-41BA-8405-9C3A0728EF15}.Debug|iPhone.Build.0 = Debug|Any CPU
		{FB1528D5-AF76-41BA-8405-9C3A0728EF15}.Debug|iPhoneSimulator.ActiveCfg = Debug|Any CPU
		{FB1528D5-AF76-41BA-8405-9C3A0728EF15}.Debug|iPhoneSimulator.Build.0 = Debug|Any CPU
		{FB1528D5-AF76-41BA-8405-9C3A0728EF15}.Debug|Mixed Platforms.ActiveCfg = Debug|Any CPU
		{FB1528D5-AF76-41BA-8405-9C3A0728EF15}.Debug|Mixed Platforms.Build.0 = Debug|Any CPU
		{FB1528D5-AF76-41BA-8405-9C3A0728EF15}.Debug|x86.ActiveCfg = Debug|Any CPU
		{FB1528D5-AF76-41BA-8405-9C3A0728EF15}.Debug|x86.Build.0 = Debug|Any CPU
		{FB1528D5-AF76-41BA-8405-9C3A0728EF15}.Release|Any CPU.ActiveCfg = Release|Any CPU
		{FB1528D5-AF76-41BA-8405-9C3A0728EF15}.Release|Any CPU.Build.0 = Release|Any CPU
		{FB1528D5-AF76-41BA-8405-9C3A0728EF15}.Release|iPhone.ActiveCfg = Release|Any CPU
		{FB1528D5-AF76-41BA-8405-9C3A0728EF15}.Release|iPhone.Build.0 = Release|Any CPU
		{FB1528D5-AF76-41BA-8405-9C3A0728EF15}.Release|iPhoneSimulator.ActiveCfg = Release|Any CPU
		{FB1528D5-AF76-41BA-8405-9C3A0728EF15}.Release|iPhoneSimulator.Build.0 = Release|Any CPU
		{FB1528D5-AF76-41BA-8405-9C3A0728EF15}.Release|Mixed Platforms.ActiveCfg = Release|Any CPU
		{FB1528D5-AF76-41BA-8405-9C3A0728EF15}.Release|Mixed Platforms.Build.0 = Release|Any CPU
		{FB1528D5-AF76-41BA-8405-9C3A0728EF15}.Release|x86.ActiveCfg = Release|Any CPU
		{FB1528D5-AF76-41BA-8405-9C3A0728EF15}.Release|x86.Build.0 = Release|Any CPU
		{4D7AC4C1-8ED3-49EA-A55F-A4E5DF3EB156}.Debug|Any CPU.ActiveCfg = Debug|Any CPU
		{4D7AC4C1-8ED3-49EA-A55F-A4E5DF3EB156}.Debug|Any CPU.Build.0 = Debug|Any CPU
		{4D7AC4C1-8ED3-49EA-A55F-A4E5DF3EB156}.Debug|iPhone.ActiveCfg = Debug|Any CPU
		{4D7AC4C1-8ED3-49EA-A55F-A4E5DF3EB156}.Debug|iPhone.Build.0 = Debug|Any CPU
		{4D7AC4C1-8ED3-49EA-A55F-A4E5DF3EB156}.Debug|iPhoneSimulator.ActiveCfg = Debug|Any CPU
		{4D7AC4C1-8ED3-49EA-A55F-A4E5DF3EB156}.Debug|iPhoneSimulator.Build.0 = Debug|Any CPU
		{4D7AC4C1-8ED3-49EA-A55F-A4E5DF3EB156}.Debug|Mixed Platforms.ActiveCfg = Debug|Any CPU
		{4D7AC4C1-8ED3-49EA-A55F-A4E5DF3EB156}.Debug|Mixed Platforms.Build.0 = Debug|Any CPU
		{4D7AC4C1-8ED3-49EA-A55F-A4E5DF3EB156}.Debug|x86.ActiveCfg = Debug|Any CPU
		{4D7AC4C1-8ED3-49EA-A55F-A4E5DF3EB156}.Debug|x86.Build.0 = Debug|Any CPU
		{4D7AC4C1-8ED3-49EA-A55F-A4E5DF3EB156}.Release|Any CPU.ActiveCfg = Release|Any CPU
		{4D7AC4C1-8ED3-49EA-A55F-A4E5DF3EB156}.Release|Any CPU.Build.0 = Release|Any CPU
		{4D7AC4C1-8ED3-49EA-A55F-A4E5DF3EB156}.Release|iPhone.ActiveCfg = Release|Any CPU
		{4D7AC4C1-8ED3-49EA-A55F-A4E5DF3EB156}.Release|iPhone.Build.0 = Release|Any CPU
		{4D7AC4C1-8ED3-49EA-A55F-A4E5DF3EB156}.Release|iPhoneSimulator.ActiveCfg = Release|Any CPU
		{4D7AC4C1-8ED3-49EA-A55F-A4E5DF3EB156}.Release|iPhoneSimulator.Build.0 = Release|Any CPU
		{4D7AC4C1-8ED3-49EA-A55F-A4E5DF3EB156}.Release|Mixed Platforms.ActiveCfg = Release|Any CPU
		{4D7AC4C1-8ED3-49EA-A55F-A4E5DF3EB156}.Release|Mixed Platforms.Build.0 = Release|Any CPU
		{4D7AC4C1-8ED3-49EA-A55F-A4E5DF3EB156}.Release|x86.ActiveCfg = Release|Any CPU
		{4D7AC4C1-8ED3-49EA-A55F-A4E5DF3EB156}.Release|x86.Build.0 = Release|Any CPU
		{68973EB1-7F9F-48AF-B963-98848605976A}.Debug|Any CPU.ActiveCfg = Debug|Any CPU
		{68973EB1-7F9F-48AF-B963-98848605976A}.Debug|Any CPU.Build.0 = Debug|Any CPU
		{68973EB1-7F9F-48AF-B963-98848605976A}.Debug|iPhone.ActiveCfg = Debug|Any CPU
		{68973EB1-7F9F-48AF-B963-98848605976A}.Debug|iPhone.Build.0 = Debug|Any CPU
		{68973EB1-7F9F-48AF-B963-98848605976A}.Debug|iPhoneSimulator.ActiveCfg = Debug|Any CPU
		{68973EB1-7F9F-48AF-B963-98848605976A}.Debug|iPhoneSimulator.Build.0 = Debug|Any CPU
		{68973EB1-7F9F-48AF-B963-98848605976A}.Debug|Mixed Platforms.ActiveCfg = Debug|Any CPU
		{68973EB1-7F9F-48AF-B963-98848605976A}.Debug|Mixed Platforms.Build.0 = Debug|Any CPU
		{68973EB1-7F9F-48AF-B963-98848605976A}.Debug|x86.ActiveCfg = Debug|Any CPU
		{68973EB1-7F9F-48AF-B963-98848605976A}.Debug|x86.Build.0 = Debug|Any CPU
		{68973EB1-7F9F-48AF-B963-98848605976A}.Release|Any CPU.ActiveCfg = Release|Any CPU
		{68973EB1-7F9F-48AF-B963-98848605976A}.Release|Any CPU.Build.0 = Release|Any CPU
		{68973EB1-7F9F-48AF-B963-98848605976A}.Release|iPhone.ActiveCfg = Release|Any CPU
		{68973EB1-7F9F-48AF-B963-98848605976A}.Release|iPhone.Build.0 = Release|Any CPU
		{68973EB1-7F9F-48AF-B963-98848605976A}.Release|iPhoneSimulator.ActiveCfg = Release|Any CPU
		{68973EB1-7F9F-48AF-B963-98848605976A}.Release|iPhoneSimulator.Build.0 = Release|Any CPU
		{68973EB1-7F9F-48AF-B963-98848605976A}.Release|Mixed Platforms.ActiveCfg = Release|Any CPU
		{68973EB1-7F9F-48AF-B963-98848605976A}.Release|Mixed Platforms.Build.0 = Release|Any CPU
		{68973EB1-7F9F-48AF-B963-98848605976A}.Release|x86.ActiveCfg = Release|Any CPU
		{68973EB1-7F9F-48AF-B963-98848605976A}.Release|x86.Build.0 = Release|Any CPU
		{D5B6CB09-2B0B-4C98-B44F-EC245C291CF8}.Debug|Any CPU.ActiveCfg = Debug|Any CPU
		{D5B6CB09-2B0B-4C98-B44F-EC245C291CF8}.Debug|Any CPU.Build.0 = Debug|Any CPU
		{D5B6CB09-2B0B-4C98-B44F-EC245C291CF8}.Debug|iPhone.ActiveCfg = Debug|Any CPU
		{D5B6CB09-2B0B-4C98-B44F-EC245C291CF8}.Debug|iPhoneSimulator.ActiveCfg = Debug|Any CPU
		{D5B6CB09-2B0B-4C98-B44F-EC245C291CF8}.Debug|Mixed Platforms.ActiveCfg = Debug|Any CPU
		{D5B6CB09-2B0B-4C98-B44F-EC245C291CF8}.Debug|Mixed Platforms.Build.0 = Debug|Any CPU
		{D5B6CB09-2B0B-4C98-B44F-EC245C291CF8}.Debug|x86.ActiveCfg = Debug|Any CPU
		{D5B6CB09-2B0B-4C98-B44F-EC245C291CF8}.Release|Any CPU.ActiveCfg = Release|Any CPU
		{D5B6CB09-2B0B-4C98-B44F-EC245C291CF8}.Release|Any CPU.Build.0 = Release|Any CPU
		{D5B6CB09-2B0B-4C98-B44F-EC245C291CF8}.Release|iPhone.ActiveCfg = Release|Any CPU
		{D5B6CB09-2B0B-4C98-B44F-EC245C291CF8}.Release|iPhoneSimulator.ActiveCfg = Release|Any CPU
		{D5B6CB09-2B0B-4C98-B44F-EC245C291CF8}.Release|Mixed Platforms.ActiveCfg = Release|Any CPU
		{D5B6CB09-2B0B-4C98-B44F-EC245C291CF8}.Release|Mixed Platforms.Build.0 = Release|Any CPU
		{D5B6CB09-2B0B-4C98-B44F-EC245C291CF8}.Release|x86.ActiveCfg = Release|Any CPU
		{3DC74553-0988-4364-8F7D-D13B8FBB16D9}.Debug|Any CPU.ActiveCfg = Debug|Any CPU
		{3DC74553-0988-4364-8F7D-D13B8FBB16D9}.Debug|Any CPU.Build.0 = Debug|Any CPU
		{3DC74553-0988-4364-8F7D-D13B8FBB16D9}.Debug|iPhone.ActiveCfg = Debug|Any CPU
		{3DC74553-0988-4364-8F7D-D13B8FBB16D9}.Debug|iPhone.Build.0 = Debug|Any CPU
		{3DC74553-0988-4364-8F7D-D13B8FBB16D9}.Debug|iPhoneSimulator.ActiveCfg = Debug|Any CPU
		{3DC74553-0988-4364-8F7D-D13B8FBB16D9}.Debug|iPhoneSimulator.Build.0 = Debug|Any CPU
		{3DC74553-0988-4364-8F7D-D13B8FBB16D9}.Debug|Mixed Platforms.ActiveCfg = Debug|Any CPU
		{3DC74553-0988-4364-8F7D-D13B8FBB16D9}.Debug|Mixed Platforms.Build.0 = Debug|Any CPU
		{3DC74553-0988-4364-8F7D-D13B8FBB16D9}.Debug|x86.ActiveCfg = Debug|Any CPU
		{3DC74553-0988-4364-8F7D-D13B8FBB16D9}.Debug|x86.Build.0 = Debug|Any CPU
		{3DC74553-0988-4364-8F7D-D13B8FBB16D9}.Release|Any CPU.ActiveCfg = Release|Any CPU
		{3DC74553-0988-4364-8F7D-D13B8FBB16D9}.Release|Any CPU.Build.0 = Release|Any CPU
		{3DC74553-0988-4364-8F7D-D13B8FBB16D9}.Release|iPhone.ActiveCfg = Release|Any CPU
		{3DC74553-0988-4364-8F7D-D13B8FBB16D9}.Release|iPhone.Build.0 = Release|Any CPU
		{3DC74553-0988-4364-8F7D-D13B8FBB16D9}.Release|iPhoneSimulator.ActiveCfg = Release|Any CPU
		{3DC74553-0988-4364-8F7D-D13B8FBB16D9}.Release|iPhoneSimulator.Build.0 = Release|Any CPU
		{3DC74553-0988-4364-8F7D-D13B8FBB16D9}.Release|Mixed Platforms.ActiveCfg = Release|Any CPU
		{3DC74553-0988-4364-8F7D-D13B8FBB16D9}.Release|Mixed Platforms.Build.0 = Release|Any CPU
		{3DC74553-0988-4364-8F7D-D13B8FBB16D9}.Release|x86.ActiveCfg = Release|Any CPU
		{3DC74553-0988-4364-8F7D-D13B8FBB16D9}.Release|x86.Build.0 = Release|Any CPU
		{5733381B-0B75-4E91-8EBA-5FAF45010BE0}.Debug|Any CPU.ActiveCfg = Debug|Any CPU
		{5733381B-0B75-4E91-8EBA-5FAF45010BE0}.Debug|Any CPU.Build.0 = Debug|Any CPU
		{5733381B-0B75-4E91-8EBA-5FAF45010BE0}.Debug|iPhone.ActiveCfg = Debug|Any CPU
		{5733381B-0B75-4E91-8EBA-5FAF45010BE0}.Debug|iPhoneSimulator.ActiveCfg = Debug|Any CPU
		{5733381B-0B75-4E91-8EBA-5FAF45010BE0}.Debug|Mixed Platforms.ActiveCfg = Debug|Any CPU
		{5733381B-0B75-4E91-8EBA-5FAF45010BE0}.Debug|Mixed Platforms.Build.0 = Debug|Any CPU
		{5733381B-0B75-4E91-8EBA-5FAF45010BE0}.Debug|x86.ActiveCfg = Debug|Any CPU
		{5733381B-0B75-4E91-8EBA-5FAF45010BE0}.Release|Any CPU.ActiveCfg = Release|Any CPU
		{5733381B-0B75-4E91-8EBA-5FAF45010BE0}.Release|Any CPU.Build.0 = Release|Any CPU
		{5733381B-0B75-4E91-8EBA-5FAF45010BE0}.Release|iPhone.ActiveCfg = Release|Any CPU
		{5733381B-0B75-4E91-8EBA-5FAF45010BE0}.Release|iPhoneSimulator.ActiveCfg = Release|Any CPU
		{5733381B-0B75-4E91-8EBA-5FAF45010BE0}.Release|Mixed Platforms.ActiveCfg = Release|Any CPU
		{5733381B-0B75-4E91-8EBA-5FAF45010BE0}.Release|Mixed Platforms.Build.0 = Release|Any CPU
		{5733381B-0B75-4E91-8EBA-5FAF45010BE0}.Release|x86.ActiveCfg = Release|Any CPU
		{84E1F59D-29A6-4E1D-A3A8-35CD92B54488}.Debug|Any CPU.ActiveCfg = Debug|Any CPU
		{84E1F59D-29A6-4E1D-A3A8-35CD92B54488}.Debug|Any CPU.Build.0 = Debug|Any CPU
		{84E1F59D-29A6-4E1D-A3A8-35CD92B54488}.Debug|iPhone.ActiveCfg = Debug|Any CPU
		{84E1F59D-29A6-4E1D-A3A8-35CD92B54488}.Debug|iPhone.Build.0 = Debug|Any CPU
		{84E1F59D-29A6-4E1D-A3A8-35CD92B54488}.Debug|iPhoneSimulator.ActiveCfg = Debug|Any CPU
		{84E1F59D-29A6-4E1D-A3A8-35CD92B54488}.Debug|iPhoneSimulator.Build.0 = Debug|Any CPU
		{84E1F59D-29A6-4E1D-A3A8-35CD92B54488}.Debug|Mixed Platforms.ActiveCfg = Debug|Any CPU
		{84E1F59D-29A6-4E1D-A3A8-35CD92B54488}.Debug|Mixed Platforms.Build.0 = Debug|Any CPU
		{84E1F59D-29A6-4E1D-A3A8-35CD92B54488}.Debug|x86.ActiveCfg = Debug|Any CPU
		{84E1F59D-29A6-4E1D-A3A8-35CD92B54488}.Debug|x86.Build.0 = Debug|Any CPU
		{84E1F59D-29A6-4E1D-A3A8-35CD92B54488}.Release|Any CPU.ActiveCfg = Release|Any CPU
		{84E1F59D-29A6-4E1D-A3A8-35CD92B54488}.Release|Any CPU.Build.0 = Release|Any CPU
		{84E1F59D-29A6-4E1D-A3A8-35CD92B54488}.Release|iPhone.ActiveCfg = Release|Any CPU
		{84E1F59D-29A6-4E1D-A3A8-35CD92B54488}.Release|iPhone.Build.0 = Release|Any CPU
		{84E1F59D-29A6-4E1D-A3A8-35CD92B54488}.Release|iPhoneSimulator.ActiveCfg = Release|Any CPU
		{84E1F59D-29A6-4E1D-A3A8-35CD92B54488}.Release|iPhoneSimulator.Build.0 = Release|Any CPU
		{84E1F59D-29A6-4E1D-A3A8-35CD92B54488}.Release|Mixed Platforms.ActiveCfg = Release|Any CPU
		{84E1F59D-29A6-4E1D-A3A8-35CD92B54488}.Release|Mixed Platforms.Build.0 = Release|Any CPU
		{84E1F59D-29A6-4E1D-A3A8-35CD92B54488}.Release|x86.ActiveCfg = Release|Any CPU
		{84E1F59D-29A6-4E1D-A3A8-35CD92B54488}.Release|x86.Build.0 = Release|Any CPU
		{6622399F-2746-4F63-BAFF-F30230168813}.Debug|Any CPU.ActiveCfg = Debug|Any CPU
		{6622399F-2746-4F63-BAFF-F30230168813}.Debug|Any CPU.Build.0 = Debug|Any CPU
		{6622399F-2746-4F63-BAFF-F30230168813}.Debug|iPhone.ActiveCfg = Debug|Any CPU
		{6622399F-2746-4F63-BAFF-F30230168813}.Debug|iPhoneSimulator.ActiveCfg = Debug|Any CPU
		{6622399F-2746-4F63-BAFF-F30230168813}.Debug|Mixed Platforms.ActiveCfg = Debug|Any CPU
		{6622399F-2746-4F63-BAFF-F30230168813}.Debug|Mixed Platforms.Build.0 = Debug|Any CPU
		{6622399F-2746-4F63-BAFF-F30230168813}.Debug|x86.ActiveCfg = Debug|Any CPU
		{6622399F-2746-4F63-BAFF-F30230168813}.Release|Any CPU.ActiveCfg = Release|Any CPU
		{6622399F-2746-4F63-BAFF-F30230168813}.Release|Any CPU.Build.0 = Release|Any CPU
		{6622399F-2746-4F63-BAFF-F30230168813}.Release|iPhone.ActiveCfg = Release|Any CPU
		{6622399F-2746-4F63-BAFF-F30230168813}.Release|iPhoneSimulator.ActiveCfg = Release|Any CPU
		{6622399F-2746-4F63-BAFF-F30230168813}.Release|Mixed Platforms.ActiveCfg = Release|Any CPU
		{6622399F-2746-4F63-BAFF-F30230168813}.Release|Mixed Platforms.Build.0 = Release|Any CPU
		{6622399F-2746-4F63-BAFF-F30230168813}.Release|x86.ActiveCfg = Release|Any CPU
		{FBABACF1-5406-4A50-983A-9C6D4B923DFD}.Debug|Any CPU.ActiveCfg = Debug|Any CPU
		{FBABACF1-5406-4A50-983A-9C6D4B923DFD}.Debug|Any CPU.Build.0 = Debug|Any CPU
		{FBABACF1-5406-4A50-983A-9C6D4B923DFD}.Debug|iPhone.ActiveCfg = Debug|Any CPU
		{FBABACF1-5406-4A50-983A-9C6D4B923DFD}.Debug|iPhoneSimulator.ActiveCfg = Debug|Any CPU
		{FBABACF1-5406-4A50-983A-9C6D4B923DFD}.Debug|Mixed Platforms.ActiveCfg = Debug|Any CPU
		{FBABACF1-5406-4A50-983A-9C6D4B923DFD}.Debug|Mixed Platforms.Build.0 = Debug|Any CPU
		{FBABACF1-5406-4A50-983A-9C6D4B923DFD}.Debug|x86.ActiveCfg = Debug|Any CPU
		{FBABACF1-5406-4A50-983A-9C6D4B923DFD}.Release|Any CPU.ActiveCfg = Release|Any CPU
		{FBABACF1-5406-4A50-983A-9C6D4B923DFD}.Release|Any CPU.Build.0 = Release|Any CPU
		{FBABACF1-5406-4A50-983A-9C6D4B923DFD}.Release|iPhone.ActiveCfg = Release|Any CPU
		{FBABACF1-5406-4A50-983A-9C6D4B923DFD}.Release|iPhoneSimulator.ActiveCfg = Release|Any CPU
		{FBABACF1-5406-4A50-983A-9C6D4B923DFD}.Release|Mixed Platforms.ActiveCfg = Release|Any CPU
		{FBABACF1-5406-4A50-983A-9C6D4B923DFD}.Release|Mixed Platforms.Build.0 = Release|Any CPU
		{FBABACF1-5406-4A50-983A-9C6D4B923DFD}.Release|x86.ActiveCfg = Release|Any CPU
		{241E5827-6D19-4049-B9D4-98C843C8B982}.Debug|Any CPU.ActiveCfg = Debug|Any CPU
		{241E5827-6D19-4049-B9D4-98C843C8B982}.Debug|Any CPU.Build.0 = Debug|Any CPU
		{241E5827-6D19-4049-B9D4-98C843C8B982}.Debug|iPhone.ActiveCfg = Debug|Any CPU
		{241E5827-6D19-4049-B9D4-98C843C8B982}.Debug|iPhoneSimulator.ActiveCfg = Debug|Any CPU
		{241E5827-6D19-4049-B9D4-98C843C8B982}.Debug|Mixed Platforms.ActiveCfg = Debug|Any CPU
		{241E5827-6D19-4049-B9D4-98C843C8B982}.Debug|Mixed Platforms.Build.0 = Debug|Any CPU
		{241E5827-6D19-4049-B9D4-98C843C8B982}.Debug|x86.ActiveCfg = Debug|Any CPU
		{241E5827-6D19-4049-B9D4-98C843C8B982}.Release|Any CPU.ActiveCfg = Release|Any CPU
		{241E5827-6D19-4049-B9D4-98C843C8B982}.Release|Any CPU.Build.0 = Release|Any CPU
		{241E5827-6D19-4049-B9D4-98C843C8B982}.Release|iPhone.ActiveCfg = Release|Any CPU
		{241E5827-6D19-4049-B9D4-98C843C8B982}.Release|iPhoneSimulator.ActiveCfg = Release|Any CPU
		{241E5827-6D19-4049-B9D4-98C843C8B982}.Release|Mixed Platforms.ActiveCfg = Release|Any CPU
		{241E5827-6D19-4049-B9D4-98C843C8B982}.Release|Mixed Platforms.Build.0 = Release|Any CPU
		{241E5827-6D19-4049-B9D4-98C843C8B982}.Release|x86.ActiveCfg = Release|Any CPU
		{E08F71C6-E98F-41BB-BA6B-056FD08D0EB4}.Debug|Any CPU.ActiveCfg = Debug|Any CPU
		{E08F71C6-E98F-41BB-BA6B-056FD08D0EB4}.Debug|Any CPU.Build.0 = Debug|Any CPU
		{E08F71C6-E98F-41BB-BA6B-056FD08D0EB4}.Debug|iPhone.ActiveCfg = Debug|Any CPU
		{E08F71C6-E98F-41BB-BA6B-056FD08D0EB4}.Debug|iPhoneSimulator.ActiveCfg = Debug|Any CPU
		{E08F71C6-E98F-41BB-BA6B-056FD08D0EB4}.Debug|Mixed Platforms.ActiveCfg = Debug|Any CPU
		{E08F71C6-E98F-41BB-BA6B-056FD08D0EB4}.Debug|Mixed Platforms.Build.0 = Debug|Any CPU
		{E08F71C6-E98F-41BB-BA6B-056FD08D0EB4}.Debug|x86.ActiveCfg = Debug|Any CPU
		{E08F71C6-E98F-41BB-BA6B-056FD08D0EB4}.Release|Any CPU.ActiveCfg = Release|Any CPU
		{E08F71C6-E98F-41BB-BA6B-056FD08D0EB4}.Release|Any CPU.Build.0 = Release|Any CPU
		{E08F71C6-E98F-41BB-BA6B-056FD08D0EB4}.Release|iPhone.ActiveCfg = Release|Any CPU
		{E08F71C6-E98F-41BB-BA6B-056FD08D0EB4}.Release|iPhoneSimulator.ActiveCfg = Release|Any CPU
		{E08F71C6-E98F-41BB-BA6B-056FD08D0EB4}.Release|Mixed Platforms.ActiveCfg = Release|Any CPU
		{E08F71C6-E98F-41BB-BA6B-056FD08D0EB4}.Release|Mixed Platforms.Build.0 = Release|Any CPU
		{E08F71C6-E98F-41BB-BA6B-056FD08D0EB4}.Release|x86.ActiveCfg = Release|Any CPU
		{A7D1B64C-7045-4B32-9AD7-7649E40512C7}.Debug|Any CPU.ActiveCfg = Debug|Any CPU
		{A7D1B64C-7045-4B32-9AD7-7649E40512C7}.Debug|Any CPU.Build.0 = Debug|Any CPU
		{A7D1B64C-7045-4B32-9AD7-7649E40512C7}.Debug|iPhone.ActiveCfg = Debug|Any CPU
		{A7D1B64C-7045-4B32-9AD7-7649E40512C7}.Debug|iPhoneSimulator.ActiveCfg = Debug|Any CPU
		{A7D1B64C-7045-4B32-9AD7-7649E40512C7}.Debug|Mixed Platforms.ActiveCfg = Debug|Any CPU
		{A7D1B64C-7045-4B32-9AD7-7649E40512C7}.Debug|Mixed Platforms.Build.0 = Debug|Any CPU
		{A7D1B64C-7045-4B32-9AD7-7649E40512C7}.Debug|x86.ActiveCfg = Debug|Any CPU
		{A7D1B64C-7045-4B32-9AD7-7649E40512C7}.Release|Any CPU.ActiveCfg = Release|Any CPU
		{A7D1B64C-7045-4B32-9AD7-7649E40512C7}.Release|Any CPU.Build.0 = Release|Any CPU
		{A7D1B64C-7045-4B32-9AD7-7649E40512C7}.Release|iPhone.ActiveCfg = Release|Any CPU
		{A7D1B64C-7045-4B32-9AD7-7649E40512C7}.Release|iPhoneSimulator.ActiveCfg = Release|Any CPU
		{A7D1B64C-7045-4B32-9AD7-7649E40512C7}.Release|Mixed Platforms.ActiveCfg = Release|Any CPU
		{A7D1B64C-7045-4B32-9AD7-7649E40512C7}.Release|Mixed Platforms.Build.0 = Release|Any CPU
		{A7D1B64C-7045-4B32-9AD7-7649E40512C7}.Release|x86.ActiveCfg = Release|Any CPU
		{C0C1142F-592C-4F26-9655-A737C74DAF7E}.Debug|Any CPU.ActiveCfg = Debug|Any CPU
		{C0C1142F-592C-4F26-9655-A737C74DAF7E}.Debug|Any CPU.Build.0 = Debug|Any CPU
		{C0C1142F-592C-4F26-9655-A737C74DAF7E}.Debug|iPhone.ActiveCfg = Debug|Any CPU
		{C0C1142F-592C-4F26-9655-A737C74DAF7E}.Debug|iPhoneSimulator.ActiveCfg = Debug|Any CPU
		{C0C1142F-592C-4F26-9655-A737C74DAF7E}.Debug|Mixed Platforms.ActiveCfg = Debug|Any CPU
		{C0C1142F-592C-4F26-9655-A737C74DAF7E}.Debug|Mixed Platforms.Build.0 = Debug|Any CPU
		{C0C1142F-592C-4F26-9655-A737C74DAF7E}.Debug|x86.ActiveCfg = Debug|Any CPU
		{C0C1142F-592C-4F26-9655-A737C74DAF7E}.Release|Any CPU.ActiveCfg = Release|Any CPU
		{C0C1142F-592C-4F26-9655-A737C74DAF7E}.Release|Any CPU.Build.0 = Release|Any CPU
		{C0C1142F-592C-4F26-9655-A737C74DAF7E}.Release|iPhone.ActiveCfg = Release|Any CPU
		{C0C1142F-592C-4F26-9655-A737C74DAF7E}.Release|iPhoneSimulator.ActiveCfg = Release|Any CPU
		{C0C1142F-592C-4F26-9655-A737C74DAF7E}.Release|Mixed Platforms.ActiveCfg = Release|Any CPU
		{C0C1142F-592C-4F26-9655-A737C74DAF7E}.Release|Mixed Platforms.Build.0 = Release|Any CPU
		{C0C1142F-592C-4F26-9655-A737C74DAF7E}.Release|x86.ActiveCfg = Release|Any CPU
		{147CD31F-F449-4568-AF62-56B987851D26}.Debug|Any CPU.ActiveCfg = Debug|Any CPU
		{147CD31F-F449-4568-AF62-56B987851D26}.Debug|Any CPU.Build.0 = Debug|Any CPU
		{147CD31F-F449-4568-AF62-56B987851D26}.Debug|iPhone.ActiveCfg = Debug|Any CPU
		{147CD31F-F449-4568-AF62-56B987851D26}.Debug|iPhone.Build.0 = Debug|Any CPU
		{147CD31F-F449-4568-AF62-56B987851D26}.Debug|iPhoneSimulator.ActiveCfg = Debug|Any CPU
		{147CD31F-F449-4568-AF62-56B987851D26}.Debug|iPhoneSimulator.Build.0 = Debug|Any CPU
		{147CD31F-F449-4568-AF62-56B987851D26}.Debug|Mixed Platforms.ActiveCfg = Debug|Any CPU
		{147CD31F-F449-4568-AF62-56B987851D26}.Debug|Mixed Platforms.Build.0 = Debug|Any CPU
		{147CD31F-F449-4568-AF62-56B987851D26}.Debug|x86.ActiveCfg = Debug|Any CPU
		{147CD31F-F449-4568-AF62-56B987851D26}.Debug|x86.Build.0 = Debug|Any CPU
		{147CD31F-F449-4568-AF62-56B987851D26}.Release|Any CPU.ActiveCfg = Release|Any CPU
		{147CD31F-F449-4568-AF62-56B987851D26}.Release|Any CPU.Build.0 = Release|Any CPU
		{147CD31F-F449-4568-AF62-56B987851D26}.Release|iPhone.ActiveCfg = Release|Any CPU
		{147CD31F-F449-4568-AF62-56B987851D26}.Release|iPhone.Build.0 = Release|Any CPU
		{147CD31F-F449-4568-AF62-56B987851D26}.Release|iPhoneSimulator.ActiveCfg = Release|Any CPU
		{147CD31F-F449-4568-AF62-56B987851D26}.Release|iPhoneSimulator.Build.0 = Release|Any CPU
		{147CD31F-F449-4568-AF62-56B987851D26}.Release|Mixed Platforms.ActiveCfg = Release|Any CPU
		{147CD31F-F449-4568-AF62-56B987851D26}.Release|Mixed Platforms.Build.0 = Release|Any CPU
		{147CD31F-F449-4568-AF62-56B987851D26}.Release|x86.ActiveCfg = Release|Any CPU
		{147CD31F-F449-4568-AF62-56B987851D26}.Release|x86.Build.0 = Release|Any CPU
		{AB0895AE-446F-4CD8-96AB-C8007D618593}.Debug|Any CPU.ActiveCfg = Debug|Any CPU
		{AB0895AE-446F-4CD8-96AB-C8007D618593}.Debug|Any CPU.Build.0 = Debug|Any CPU
		{AB0895AE-446F-4CD8-96AB-C8007D618593}.Debug|iPhone.ActiveCfg = Debug|Any CPU
		{AB0895AE-446F-4CD8-96AB-C8007D618593}.Debug|iPhone.Build.0 = Debug|Any CPU
		{AB0895AE-446F-4CD8-96AB-C8007D618593}.Debug|iPhoneSimulator.ActiveCfg = Debug|Any CPU
		{AB0895AE-446F-4CD8-96AB-C8007D618593}.Debug|iPhoneSimulator.Build.0 = Debug|Any CPU
		{AB0895AE-446F-4CD8-96AB-C8007D618593}.Debug|Mixed Platforms.ActiveCfg = Debug|Any CPU
		{AB0895AE-446F-4CD8-96AB-C8007D618593}.Debug|Mixed Platforms.Build.0 = Debug|Any CPU
		{AB0895AE-446F-4CD8-96AB-C8007D618593}.Debug|x86.ActiveCfg = Debug|Any CPU
		{AB0895AE-446F-4CD8-96AB-C8007D618593}.Debug|x86.Build.0 = Debug|Any CPU
		{AB0895AE-446F-4CD8-96AB-C8007D618593}.Release|Any CPU.ActiveCfg = Release|Any CPU
		{AB0895AE-446F-4CD8-96AB-C8007D618593}.Release|Any CPU.Build.0 = Release|Any CPU
		{AB0895AE-446F-4CD8-96AB-C8007D618593}.Release|iPhone.ActiveCfg = Release|Any CPU
		{AB0895AE-446F-4CD8-96AB-C8007D618593}.Release|iPhone.Build.0 = Release|Any CPU
		{AB0895AE-446F-4CD8-96AB-C8007D618593}.Release|iPhoneSimulator.ActiveCfg = Release|Any CPU
		{AB0895AE-446F-4CD8-96AB-C8007D618593}.Release|iPhoneSimulator.Build.0 = Release|Any CPU
		{AB0895AE-446F-4CD8-96AB-C8007D618593}.Release|Mixed Platforms.ActiveCfg = Release|Any CPU
		{AB0895AE-446F-4CD8-96AB-C8007D618593}.Release|Mixed Platforms.Build.0 = Release|Any CPU
		{AB0895AE-446F-4CD8-96AB-C8007D618593}.Release|x86.ActiveCfg = Release|Any CPU
		{AB0895AE-446F-4CD8-96AB-C8007D618593}.Release|x86.Build.0 = Release|Any CPU
		{BB3726B7-E1F9-4D3B-AEE5-06186285388C}.Debug|Any CPU.ActiveCfg = Debug|Any CPU
		{BB3726B7-E1F9-4D3B-AEE5-06186285388C}.Debug|Any CPU.Build.0 = Debug|Any CPU
		{BB3726B7-E1F9-4D3B-AEE5-06186285388C}.Debug|iPhone.ActiveCfg = Debug|Any CPU
		{BB3726B7-E1F9-4D3B-AEE5-06186285388C}.Debug|iPhone.Build.0 = Debug|Any CPU
		{BB3726B7-E1F9-4D3B-AEE5-06186285388C}.Debug|iPhoneSimulator.ActiveCfg = Debug|Any CPU
		{BB3726B7-E1F9-4D3B-AEE5-06186285388C}.Debug|iPhoneSimulator.Build.0 = Debug|Any CPU
		{BB3726B7-E1F9-4D3B-AEE5-06186285388C}.Debug|Mixed Platforms.ActiveCfg = Debug|Any CPU
		{BB3726B7-E1F9-4D3B-AEE5-06186285388C}.Debug|Mixed Platforms.Build.0 = Debug|Any CPU
		{BB3726B7-E1F9-4D3B-AEE5-06186285388C}.Debug|x86.ActiveCfg = Debug|Any CPU
		{BB3726B7-E1F9-4D3B-AEE5-06186285388C}.Debug|x86.Build.0 = Debug|Any CPU
		{BB3726B7-E1F9-4D3B-AEE5-06186285388C}.Release|Any CPU.ActiveCfg = Release|Any CPU
		{BB3726B7-E1F9-4D3B-AEE5-06186285388C}.Release|Any CPU.Build.0 = Release|Any CPU
		{BB3726B7-E1F9-4D3B-AEE5-06186285388C}.Release|iPhone.ActiveCfg = Release|Any CPU
		{BB3726B7-E1F9-4D3B-AEE5-06186285388C}.Release|iPhone.Build.0 = Release|Any CPU
		{BB3726B7-E1F9-4D3B-AEE5-06186285388C}.Release|iPhoneSimulator.ActiveCfg = Release|Any CPU
		{BB3726B7-E1F9-4D3B-AEE5-06186285388C}.Release|iPhoneSimulator.Build.0 = Release|Any CPU
		{BB3726B7-E1F9-4D3B-AEE5-06186285388C}.Release|Mixed Platforms.ActiveCfg = Release|Any CPU
		{BB3726B7-E1F9-4D3B-AEE5-06186285388C}.Release|Mixed Platforms.Build.0 = Release|Any CPU
		{BB3726B7-E1F9-4D3B-AEE5-06186285388C}.Release|x86.ActiveCfg = Release|Any CPU
		{BB3726B7-E1F9-4D3B-AEE5-06186285388C}.Release|x86.Build.0 = Release|Any CPU
		{61E6DB85-4280-4963-95EF-254BA1A81C04}.Debug|Any CPU.ActiveCfg = Debug|Any CPU
		{61E6DB85-4280-4963-95EF-254BA1A81C04}.Debug|Any CPU.Build.0 = Debug|Any CPU
		{61E6DB85-4280-4963-95EF-254BA1A81C04}.Debug|iPhone.ActiveCfg = Debug|Any CPU
		{61E6DB85-4280-4963-95EF-254BA1A81C04}.Debug|iPhone.Build.0 = Debug|Any CPU
		{61E6DB85-4280-4963-95EF-254BA1A81C04}.Debug|iPhoneSimulator.ActiveCfg = Debug|Any CPU
		{61E6DB85-4280-4963-95EF-254BA1A81C04}.Debug|iPhoneSimulator.Build.0 = Debug|Any CPU
		{61E6DB85-4280-4963-95EF-254BA1A81C04}.Debug|Mixed Platforms.ActiveCfg = Debug|Any CPU
		{61E6DB85-4280-4963-95EF-254BA1A81C04}.Debug|Mixed Platforms.Build.0 = Debug|Any CPU
		{61E6DB85-4280-4963-95EF-254BA1A81C04}.Debug|x86.ActiveCfg = Debug|Any CPU
		{61E6DB85-4280-4963-95EF-254BA1A81C04}.Debug|x86.Build.0 = Debug|Any CPU
		{61E6DB85-4280-4963-95EF-254BA1A81C04}.Release|Any CPU.ActiveCfg = Release|Any CPU
		{61E6DB85-4280-4963-95EF-254BA1A81C04}.Release|Any CPU.Build.0 = Release|Any CPU
		{61E6DB85-4280-4963-95EF-254BA1A81C04}.Release|iPhone.ActiveCfg = Release|Any CPU
		{61E6DB85-4280-4963-95EF-254BA1A81C04}.Release|iPhone.Build.0 = Release|Any CPU
		{61E6DB85-4280-4963-95EF-254BA1A81C04}.Release|iPhoneSimulator.ActiveCfg = Release|Any CPU
		{61E6DB85-4280-4963-95EF-254BA1A81C04}.Release|iPhoneSimulator.Build.0 = Release|Any CPU
		{61E6DB85-4280-4963-95EF-254BA1A81C04}.Release|Mixed Platforms.ActiveCfg = Release|Any CPU
		{61E6DB85-4280-4963-95EF-254BA1A81C04}.Release|Mixed Platforms.Build.0 = Release|Any CPU
		{61E6DB85-4280-4963-95EF-254BA1A81C04}.Release|x86.ActiveCfg = Release|Any CPU
		{61E6DB85-4280-4963-95EF-254BA1A81C04}.Release|x86.Build.0 = Release|Any CPU
		{6E5B6D5D-EC1B-4C70-A4CA-6A1F7201F5A7}.Debug|Any CPU.ActiveCfg = Debug|Any CPU
		{6E5B6D5D-EC1B-4C70-A4CA-6A1F7201F5A7}.Debug|Any CPU.Build.0 = Debug|Any CPU
		{6E5B6D5D-EC1B-4C70-A4CA-6A1F7201F5A7}.Debug|iPhone.ActiveCfg = Debug|Any CPU
		{6E5B6D5D-EC1B-4C70-A4CA-6A1F7201F5A7}.Debug|iPhone.Build.0 = Debug|Any CPU
		{6E5B6D5D-EC1B-4C70-A4CA-6A1F7201F5A7}.Debug|iPhoneSimulator.ActiveCfg = Debug|Any CPU
		{6E5B6D5D-EC1B-4C70-A4CA-6A1F7201F5A7}.Debug|iPhoneSimulator.Build.0 = Debug|Any CPU
		{6E5B6D5D-EC1B-4C70-A4CA-6A1F7201F5A7}.Debug|Mixed Platforms.ActiveCfg = Debug|Any CPU
		{6E5B6D5D-EC1B-4C70-A4CA-6A1F7201F5A7}.Debug|Mixed Platforms.Build.0 = Debug|Any CPU
		{6E5B6D5D-EC1B-4C70-A4CA-6A1F7201F5A7}.Debug|x86.ActiveCfg = Debug|Any CPU
		{6E5B6D5D-EC1B-4C70-A4CA-6A1F7201F5A7}.Debug|x86.Build.0 = Debug|Any CPU
		{6E5B6D5D-EC1B-4C70-A4CA-6A1F7201F5A7}.Release|Any CPU.ActiveCfg = Release|Any CPU
		{6E5B6D5D-EC1B-4C70-A4CA-6A1F7201F5A7}.Release|Any CPU.Build.0 = Release|Any CPU
		{6E5B6D5D-EC1B-4C70-A4CA-6A1F7201F5A7}.Release|iPhone.ActiveCfg = Release|Any CPU
		{6E5B6D5D-EC1B-4C70-A4CA-6A1F7201F5A7}.Release|iPhone.Build.0 = Release|Any CPU
		{6E5B6D5D-EC1B-4C70-A4CA-6A1F7201F5A7}.Release|iPhoneSimulator.ActiveCfg = Release|Any CPU
		{6E5B6D5D-EC1B-4C70-A4CA-6A1F7201F5A7}.Release|iPhoneSimulator.Build.0 = Release|Any CPU
		{6E5B6D5D-EC1B-4C70-A4CA-6A1F7201F5A7}.Release|Mixed Platforms.ActiveCfg = Release|Any CPU
		{6E5B6D5D-EC1B-4C70-A4CA-6A1F7201F5A7}.Release|Mixed Platforms.Build.0 = Release|Any CPU
		{6E5B6D5D-EC1B-4C70-A4CA-6A1F7201F5A7}.Release|x86.ActiveCfg = Release|Any CPU
		{6E5B6D5D-EC1B-4C70-A4CA-6A1F7201F5A7}.Release|x86.Build.0 = Release|Any CPU
		{CB0E7339-773D-4BD1-B636-4BAD6B1AA367}.Debug|Any CPU.ActiveCfg = Debug|Any CPU
		{CB0E7339-773D-4BD1-B636-4BAD6B1AA367}.Debug|Any CPU.Build.0 = Debug|Any CPU
		{CB0E7339-773D-4BD1-B636-4BAD6B1AA367}.Debug|iPhone.ActiveCfg = Debug|Any CPU
		{CB0E7339-773D-4BD1-B636-4BAD6B1AA367}.Debug|iPhone.Build.0 = Debug|Any CPU
		{CB0E7339-773D-4BD1-B636-4BAD6B1AA367}.Debug|iPhoneSimulator.ActiveCfg = Debug|Any CPU
		{CB0E7339-773D-4BD1-B636-4BAD6B1AA367}.Debug|iPhoneSimulator.Build.0 = Debug|Any CPU
		{CB0E7339-773D-4BD1-B636-4BAD6B1AA367}.Debug|Mixed Platforms.ActiveCfg = Debug|Any CPU
		{CB0E7339-773D-4BD1-B636-4BAD6B1AA367}.Debug|Mixed Platforms.Build.0 = Debug|Any CPU
		{CB0E7339-773D-4BD1-B636-4BAD6B1AA367}.Debug|x86.ActiveCfg = Debug|Any CPU
		{CB0E7339-773D-4BD1-B636-4BAD6B1AA367}.Debug|x86.Build.0 = Debug|Any CPU
		{CB0E7339-773D-4BD1-B636-4BAD6B1AA367}.Release|Any CPU.ActiveCfg = Release|Any CPU
		{CB0E7339-773D-4BD1-B636-4BAD6B1AA367}.Release|Any CPU.Build.0 = Release|Any CPU
		{CB0E7339-773D-4BD1-B636-4BAD6B1AA367}.Release|iPhone.ActiveCfg = Release|Any CPU
		{CB0E7339-773D-4BD1-B636-4BAD6B1AA367}.Release|iPhone.Build.0 = Release|Any CPU
		{CB0E7339-773D-4BD1-B636-4BAD6B1AA367}.Release|iPhoneSimulator.ActiveCfg = Release|Any CPU
		{CB0E7339-773D-4BD1-B636-4BAD6B1AA367}.Release|iPhoneSimulator.Build.0 = Release|Any CPU
		{CB0E7339-773D-4BD1-B636-4BAD6B1AA367}.Release|Mixed Platforms.ActiveCfg = Release|Any CPU
		{CB0E7339-773D-4BD1-B636-4BAD6B1AA367}.Release|Mixed Platforms.Build.0 = Release|Any CPU
		{CB0E7339-773D-4BD1-B636-4BAD6B1AA367}.Release|x86.ActiveCfg = Release|Any CPU
		{CB0E7339-773D-4BD1-B636-4BAD6B1AA367}.Release|x86.Build.0 = Release|Any CPU
		{ECF0B1C5-3711-4C09-8B89-178D5F2428B4}.Debug|Any CPU.ActiveCfg = Debug|Any CPU
		{ECF0B1C5-3711-4C09-8B89-178D5F2428B4}.Debug|Any CPU.Build.0 = Debug|Any CPU
		{ECF0B1C5-3711-4C09-8B89-178D5F2428B4}.Debug|iPhone.ActiveCfg = Debug|Any CPU
		{ECF0B1C5-3711-4C09-8B89-178D5F2428B4}.Debug|iPhone.Build.0 = Debug|Any CPU
		{ECF0B1C5-3711-4C09-8B89-178D5F2428B4}.Debug|iPhoneSimulator.ActiveCfg = Debug|Any CPU
		{ECF0B1C5-3711-4C09-8B89-178D5F2428B4}.Debug|iPhoneSimulator.Build.0 = Debug|Any CPU
		{ECF0B1C5-3711-4C09-8B89-178D5F2428B4}.Debug|Mixed Platforms.ActiveCfg = Debug|Any CPU
		{ECF0B1C5-3711-4C09-8B89-178D5F2428B4}.Debug|Mixed Platforms.Build.0 = Debug|Any CPU
		{ECF0B1C5-3711-4C09-8B89-178D5F2428B4}.Debug|x86.ActiveCfg = Debug|Any CPU
		{ECF0B1C5-3711-4C09-8B89-178D5F2428B4}.Debug|x86.Build.0 = Debug|Any CPU
		{ECF0B1C5-3711-4C09-8B89-178D5F2428B4}.Release|Any CPU.ActiveCfg = Release|Any CPU
		{ECF0B1C5-3711-4C09-8B89-178D5F2428B4}.Release|Any CPU.Build.0 = Release|Any CPU
		{ECF0B1C5-3711-4C09-8B89-178D5F2428B4}.Release|iPhone.ActiveCfg = Release|Any CPU
		{ECF0B1C5-3711-4C09-8B89-178D5F2428B4}.Release|iPhone.Build.0 = Release|Any CPU
		{ECF0B1C5-3711-4C09-8B89-178D5F2428B4}.Release|iPhoneSimulator.ActiveCfg = Release|Any CPU
		{ECF0B1C5-3711-4C09-8B89-178D5F2428B4}.Release|iPhoneSimulator.Build.0 = Release|Any CPU
		{ECF0B1C5-3711-4C09-8B89-178D5F2428B4}.Release|Mixed Platforms.ActiveCfg = Release|Any CPU
		{ECF0B1C5-3711-4C09-8B89-178D5F2428B4}.Release|Mixed Platforms.Build.0 = Release|Any CPU
		{ECF0B1C5-3711-4C09-8B89-178D5F2428B4}.Release|x86.ActiveCfg = Release|Any CPU
		{ECF0B1C5-3711-4C09-8B89-178D5F2428B4}.Release|x86.Build.0 = Release|Any CPU
		{B2D9C814-26B4-46DF-AEAF-E82606E4E8B2}.Debug|Any CPU.ActiveCfg = Debug|Any CPU
		{B2D9C814-26B4-46DF-AEAF-E82606E4E8B2}.Debug|Any CPU.Build.0 = Debug|Any CPU
		{B2D9C814-26B4-46DF-AEAF-E82606E4E8B2}.Debug|iPhone.ActiveCfg = Debug|Any CPU
		{B2D9C814-26B4-46DF-AEAF-E82606E4E8B2}.Debug|iPhone.Build.0 = Debug|Any CPU
		{B2D9C814-26B4-46DF-AEAF-E82606E4E8B2}.Debug|iPhoneSimulator.ActiveCfg = Debug|Any CPU
		{B2D9C814-26B4-46DF-AEAF-E82606E4E8B2}.Debug|iPhoneSimulator.Build.0 = Debug|Any CPU
		{B2D9C814-26B4-46DF-AEAF-E82606E4E8B2}.Debug|Mixed Platforms.ActiveCfg = Debug|Any CPU
		{B2D9C814-26B4-46DF-AEAF-E82606E4E8B2}.Debug|Mixed Platforms.Build.0 = Debug|Any CPU
		{B2D9C814-26B4-46DF-AEAF-E82606E4E8B2}.Debug|x86.ActiveCfg = Debug|Any CPU
		{B2D9C814-26B4-46DF-AEAF-E82606E4E8B2}.Debug|x86.Build.0 = Debug|Any CPU
		{B2D9C814-26B4-46DF-AEAF-E82606E4E8B2}.Release|Any CPU.ActiveCfg = Release|Any CPU
		{B2D9C814-26B4-46DF-AEAF-E82606E4E8B2}.Release|Any CPU.Build.0 = Release|Any CPU
		{B2D9C814-26B4-46DF-AEAF-E82606E4E8B2}.Release|iPhone.ActiveCfg = Release|Any CPU
		{B2D9C814-26B4-46DF-AEAF-E82606E4E8B2}.Release|iPhone.Build.0 = Release|Any CPU
		{B2D9C814-26B4-46DF-AEAF-E82606E4E8B2}.Release|iPhoneSimulator.ActiveCfg = Release|Any CPU
		{B2D9C814-26B4-46DF-AEAF-E82606E4E8B2}.Release|iPhoneSimulator.Build.0 = Release|Any CPU
		{B2D9C814-26B4-46DF-AEAF-E82606E4E8B2}.Release|Mixed Platforms.ActiveCfg = Release|Any CPU
		{B2D9C814-26B4-46DF-AEAF-E82606E4E8B2}.Release|Mixed Platforms.Build.0 = Release|Any CPU
		{B2D9C814-26B4-46DF-AEAF-E82606E4E8B2}.Release|x86.ActiveCfg = Release|Any CPU
		{B2D9C814-26B4-46DF-AEAF-E82606E4E8B2}.Release|x86.Build.0 = Release|Any CPU
		{E7ACF608-6115-4ED9-9D46-007FE59A8058}.Debug|Any CPU.ActiveCfg = Debug|Any CPU
		{E7ACF608-6115-4ED9-9D46-007FE59A8058}.Debug|Any CPU.Build.0 = Debug|Any CPU
		{E7ACF608-6115-4ED9-9D46-007FE59A8058}.Debug|iPhone.ActiveCfg = Debug|Any CPU
		{E7ACF608-6115-4ED9-9D46-007FE59A8058}.Debug|iPhone.Build.0 = Debug|Any CPU
		{E7ACF608-6115-4ED9-9D46-007FE59A8058}.Debug|iPhoneSimulator.ActiveCfg = Debug|Any CPU
		{E7ACF608-6115-4ED9-9D46-007FE59A8058}.Debug|iPhoneSimulator.Build.0 = Debug|Any CPU
		{E7ACF608-6115-4ED9-9D46-007FE59A8058}.Debug|Mixed Platforms.ActiveCfg = Debug|Any CPU
		{E7ACF608-6115-4ED9-9D46-007FE59A8058}.Debug|Mixed Platforms.Build.0 = Debug|Any CPU
		{E7ACF608-6115-4ED9-9D46-007FE59A8058}.Debug|x86.ActiveCfg = Debug|Any CPU
		{E7ACF608-6115-4ED9-9D46-007FE59A8058}.Debug|x86.Build.0 = Debug|Any CPU
		{E7ACF608-6115-4ED9-9D46-007FE59A8058}.Release|Any CPU.ActiveCfg = Release|Any CPU
		{E7ACF608-6115-4ED9-9D46-007FE59A8058}.Release|Any CPU.Build.0 = Release|Any CPU
		{E7ACF608-6115-4ED9-9D46-007FE59A8058}.Release|iPhone.ActiveCfg = Release|Any CPU
		{E7ACF608-6115-4ED9-9D46-007FE59A8058}.Release|iPhone.Build.0 = Release|Any CPU
		{E7ACF608-6115-4ED9-9D46-007FE59A8058}.Release|iPhoneSimulator.ActiveCfg = Release|Any CPU
		{E7ACF608-6115-4ED9-9D46-007FE59A8058}.Release|iPhoneSimulator.Build.0 = Release|Any CPU
		{E7ACF608-6115-4ED9-9D46-007FE59A8058}.Release|Mixed Platforms.ActiveCfg = Release|Any CPU
		{E7ACF608-6115-4ED9-9D46-007FE59A8058}.Release|Mixed Platforms.Build.0 = Release|Any CPU
		{E7ACF608-6115-4ED9-9D46-007FE59A8058}.Release|x86.ActiveCfg = Release|Any CPU
		{E7ACF608-6115-4ED9-9D46-007FE59A8058}.Release|x86.Build.0 = Release|Any CPU
		{5623A0DA-4CC8-4954-AD76-90C25E10B2D2}.Debug|Any CPU.ActiveCfg = Debug|Any CPU
		{5623A0DA-4CC8-4954-AD76-90C25E10B2D2}.Debug|Any CPU.Build.0 = Debug|Any CPU
		{5623A0DA-4CC8-4954-AD76-90C25E10B2D2}.Debug|iPhone.ActiveCfg = Debug|Any CPU
		{5623A0DA-4CC8-4954-AD76-90C25E10B2D2}.Debug|iPhone.Build.0 = Debug|Any CPU
		{5623A0DA-4CC8-4954-AD76-90C25E10B2D2}.Debug|iPhoneSimulator.ActiveCfg = Debug|Any CPU
		{5623A0DA-4CC8-4954-AD76-90C25E10B2D2}.Debug|iPhoneSimulator.Build.0 = Debug|Any CPU
		{5623A0DA-4CC8-4954-AD76-90C25E10B2D2}.Debug|Mixed Platforms.ActiveCfg = Debug|Any CPU
		{5623A0DA-4CC8-4954-AD76-90C25E10B2D2}.Debug|Mixed Platforms.Build.0 = Debug|Any CPU
		{5623A0DA-4CC8-4954-AD76-90C25E10B2D2}.Debug|x86.ActiveCfg = Debug|Any CPU
		{5623A0DA-4CC8-4954-AD76-90C25E10B2D2}.Debug|x86.Build.0 = Debug|Any CPU
		{5623A0DA-4CC8-4954-AD76-90C25E10B2D2}.Release|Any CPU.ActiveCfg = Release|Any CPU
		{5623A0DA-4CC8-4954-AD76-90C25E10B2D2}.Release|Any CPU.Build.0 = Release|Any CPU
		{5623A0DA-4CC8-4954-AD76-90C25E10B2D2}.Release|iPhone.ActiveCfg = Release|Any CPU
		{5623A0DA-4CC8-4954-AD76-90C25E10B2D2}.Release|iPhone.Build.0 = Release|Any CPU
		{5623A0DA-4CC8-4954-AD76-90C25E10B2D2}.Release|iPhoneSimulator.ActiveCfg = Release|Any CPU
		{5623A0DA-4CC8-4954-AD76-90C25E10B2D2}.Release|iPhoneSimulator.Build.0 = Release|Any CPU
		{5623A0DA-4CC8-4954-AD76-90C25E10B2D2}.Release|Mixed Platforms.ActiveCfg = Release|Any CPU
		{5623A0DA-4CC8-4954-AD76-90C25E10B2D2}.Release|Mixed Platforms.Build.0 = Release|Any CPU
		{5623A0DA-4CC8-4954-AD76-90C25E10B2D2}.Release|x86.ActiveCfg = Release|Any CPU
		{5623A0DA-4CC8-4954-AD76-90C25E10B2D2}.Release|x86.Build.0 = Release|Any CPU
		{4F69CF34-C327-4D89-9FFA-580347F7FF6D}.Debug|Any CPU.ActiveCfg = Debug|Any CPU
		{4F69CF34-C327-4D89-9FFA-580347F7FF6D}.Debug|Any CPU.Build.0 = Debug|Any CPU
		{4F69CF34-C327-4D89-9FFA-580347F7FF6D}.Debug|iPhone.ActiveCfg = Debug|Any CPU
		{4F69CF34-C327-4D89-9FFA-580347F7FF6D}.Debug|iPhone.Build.0 = Debug|Any CPU
		{4F69CF34-C327-4D89-9FFA-580347F7FF6D}.Debug|iPhoneSimulator.ActiveCfg = Debug|Any CPU
		{4F69CF34-C327-4D89-9FFA-580347F7FF6D}.Debug|iPhoneSimulator.Build.0 = Debug|Any CPU
		{4F69CF34-C327-4D89-9FFA-580347F7FF6D}.Debug|Mixed Platforms.ActiveCfg = Debug|Any CPU
		{4F69CF34-C327-4D89-9FFA-580347F7FF6D}.Debug|Mixed Platforms.Build.0 = Debug|Any CPU
		{4F69CF34-C327-4D89-9FFA-580347F7FF6D}.Debug|x86.ActiveCfg = Debug|Any CPU
		{4F69CF34-C327-4D89-9FFA-580347F7FF6D}.Debug|x86.Build.0 = Debug|Any CPU
		{4F69CF34-C327-4D89-9FFA-580347F7FF6D}.Release|Any CPU.ActiveCfg = Release|Any CPU
		{4F69CF34-C327-4D89-9FFA-580347F7FF6D}.Release|Any CPU.Build.0 = Release|Any CPU
		{4F69CF34-C327-4D89-9FFA-580347F7FF6D}.Release|iPhone.ActiveCfg = Release|Any CPU
		{4F69CF34-C327-4D89-9FFA-580347F7FF6D}.Release|iPhone.Build.0 = Release|Any CPU
		{4F69CF34-C327-4D89-9FFA-580347F7FF6D}.Release|iPhoneSimulator.ActiveCfg = Release|Any CPU
		{4F69CF34-C327-4D89-9FFA-580347F7FF6D}.Release|iPhoneSimulator.Build.0 = Release|Any CPU
		{4F69CF34-C327-4D89-9FFA-580347F7FF6D}.Release|Mixed Platforms.ActiveCfg = Release|Any CPU
		{4F69CF34-C327-4D89-9FFA-580347F7FF6D}.Release|Mixed Platforms.Build.0 = Release|Any CPU
		{4F69CF34-C327-4D89-9FFA-580347F7FF6D}.Release|x86.ActiveCfg = Release|Any CPU
		{4F69CF34-C327-4D89-9FFA-580347F7FF6D}.Release|x86.Build.0 = Release|Any CPU
		{205D9A9A-F31F-401B-AADA-AC52188B7352}.Debug|Any CPU.ActiveCfg = Debug|Any CPU
		{205D9A9A-F31F-401B-AADA-AC52188B7352}.Debug|Any CPU.Build.0 = Debug|Any CPU
		{205D9A9A-F31F-401B-AADA-AC52188B7352}.Debug|iPhone.ActiveCfg = Debug|Any CPU
		{205D9A9A-F31F-401B-AADA-AC52188B7352}.Debug|iPhone.Build.0 = Debug|Any CPU
		{205D9A9A-F31F-401B-AADA-AC52188B7352}.Debug|iPhoneSimulator.ActiveCfg = Debug|Any CPU
		{205D9A9A-F31F-401B-AADA-AC52188B7352}.Debug|iPhoneSimulator.Build.0 = Debug|Any CPU
		{205D9A9A-F31F-401B-AADA-AC52188B7352}.Debug|Mixed Platforms.ActiveCfg = Debug|Any CPU
		{205D9A9A-F31F-401B-AADA-AC52188B7352}.Debug|Mixed Platforms.Build.0 = Debug|Any CPU
		{205D9A9A-F31F-401B-AADA-AC52188B7352}.Debug|x86.ActiveCfg = Debug|Any CPU
		{205D9A9A-F31F-401B-AADA-AC52188B7352}.Debug|x86.Build.0 = Debug|Any CPU
		{205D9A9A-F31F-401B-AADA-AC52188B7352}.Release|Any CPU.ActiveCfg = Release|Any CPU
		{205D9A9A-F31F-401B-AADA-AC52188B7352}.Release|Any CPU.Build.0 = Release|Any CPU
		{205D9A9A-F31F-401B-AADA-AC52188B7352}.Release|iPhone.ActiveCfg = Release|Any CPU
		{205D9A9A-F31F-401B-AADA-AC52188B7352}.Release|iPhone.Build.0 = Release|Any CPU
		{205D9A9A-F31F-401B-AADA-AC52188B7352}.Release|iPhoneSimulator.ActiveCfg = Release|Any CPU
		{205D9A9A-F31F-401B-AADA-AC52188B7352}.Release|iPhoneSimulator.Build.0 = Release|Any CPU
		{205D9A9A-F31F-401B-AADA-AC52188B7352}.Release|Mixed Platforms.ActiveCfg = Release|Any CPU
		{205D9A9A-F31F-401B-AADA-AC52188B7352}.Release|Mixed Platforms.Build.0 = Release|Any CPU
		{205D9A9A-F31F-401B-AADA-AC52188B7352}.Release|x86.ActiveCfg = Release|Any CPU
		{205D9A9A-F31F-401B-AADA-AC52188B7352}.Release|x86.Build.0 = Release|Any CPU
		{ADC06ADE-EB03-4422-A7B4-4291AD994D91}.Debug|Any CPU.ActiveCfg = Debug|Any CPU
		{ADC06ADE-EB03-4422-A7B4-4291AD994D91}.Debug|Any CPU.Build.0 = Debug|Any CPU
		{ADC06ADE-EB03-4422-A7B4-4291AD994D91}.Debug|iPhone.ActiveCfg = Debug|Any CPU
		{ADC06ADE-EB03-4422-A7B4-4291AD994D91}.Debug|iPhone.Build.0 = Debug|Any CPU
		{ADC06ADE-EB03-4422-A7B4-4291AD994D91}.Debug|iPhoneSimulator.ActiveCfg = Debug|Any CPU
		{ADC06ADE-EB03-4422-A7B4-4291AD994D91}.Debug|iPhoneSimulator.Build.0 = Debug|Any CPU
		{ADC06ADE-EB03-4422-A7B4-4291AD994D91}.Debug|Mixed Platforms.ActiveCfg = Debug|Any CPU
		{ADC06ADE-EB03-4422-A7B4-4291AD994D91}.Debug|Mixed Platforms.Build.0 = Debug|Any CPU
		{ADC06ADE-EB03-4422-A7B4-4291AD994D91}.Debug|x86.ActiveCfg = Debug|Any CPU
		{ADC06ADE-EB03-4422-A7B4-4291AD994D91}.Debug|x86.Build.0 = Debug|Any CPU
		{ADC06ADE-EB03-4422-A7B4-4291AD994D91}.Release|Any CPU.ActiveCfg = Release|Any CPU
		{ADC06ADE-EB03-4422-A7B4-4291AD994D91}.Release|Any CPU.Build.0 = Release|Any CPU
		{ADC06ADE-EB03-4422-A7B4-4291AD994D91}.Release|iPhone.ActiveCfg = Release|Any CPU
		{ADC06ADE-EB03-4422-A7B4-4291AD994D91}.Release|iPhone.Build.0 = Release|Any CPU
		{ADC06ADE-EB03-4422-A7B4-4291AD994D91}.Release|iPhoneSimulator.ActiveCfg = Release|Any CPU
		{ADC06ADE-EB03-4422-A7B4-4291AD994D91}.Release|iPhoneSimulator.Build.0 = Release|Any CPU
		{ADC06ADE-EB03-4422-A7B4-4291AD994D91}.Release|Mixed Platforms.ActiveCfg = Release|Any CPU
		{ADC06ADE-EB03-4422-A7B4-4291AD994D91}.Release|Mixed Platforms.Build.0 = Release|Any CPU
		{ADC06ADE-EB03-4422-A7B4-4291AD994D91}.Release|x86.ActiveCfg = Release|Any CPU
		{ADC06ADE-EB03-4422-A7B4-4291AD994D91}.Release|x86.Build.0 = Release|Any CPU
		{47AFC1C0-C7BA-4299-9C62-17FDE1676167}.Debug|Any CPU.ActiveCfg = Debug|Any CPU
		{47AFC1C0-C7BA-4299-9C62-17FDE1676167}.Debug|Any CPU.Build.0 = Debug|Any CPU
		{47AFC1C0-C7BA-4299-9C62-17FDE1676167}.Debug|iPhone.ActiveCfg = Debug|Any CPU
		{47AFC1C0-C7BA-4299-9C62-17FDE1676167}.Debug|iPhone.Build.0 = Debug|Any CPU
		{47AFC1C0-C7BA-4299-9C62-17FDE1676167}.Debug|iPhoneSimulator.ActiveCfg = Debug|Any CPU
		{47AFC1C0-C7BA-4299-9C62-17FDE1676167}.Debug|iPhoneSimulator.Build.0 = Debug|Any CPU
		{47AFC1C0-C7BA-4299-9C62-17FDE1676167}.Debug|Mixed Platforms.ActiveCfg = Debug|Any CPU
		{47AFC1C0-C7BA-4299-9C62-17FDE1676167}.Debug|Mixed Platforms.Build.0 = Debug|Any CPU
		{47AFC1C0-C7BA-4299-9C62-17FDE1676167}.Debug|x86.ActiveCfg = Debug|Any CPU
		{47AFC1C0-C7BA-4299-9C62-17FDE1676167}.Debug|x86.Build.0 = Debug|Any CPU
		{47AFC1C0-C7BA-4299-9C62-17FDE1676167}.Release|Any CPU.ActiveCfg = Release|Any CPU
		{47AFC1C0-C7BA-4299-9C62-17FDE1676167}.Release|Any CPU.Build.0 = Release|Any CPU
		{47AFC1C0-C7BA-4299-9C62-17FDE1676167}.Release|iPhone.ActiveCfg = Release|Any CPU
		{47AFC1C0-C7BA-4299-9C62-17FDE1676167}.Release|iPhone.Build.0 = Release|Any CPU
		{47AFC1C0-C7BA-4299-9C62-17FDE1676167}.Release|iPhoneSimulator.ActiveCfg = Release|Any CPU
		{47AFC1C0-C7BA-4299-9C62-17FDE1676167}.Release|iPhoneSimulator.Build.0 = Release|Any CPU
		{47AFC1C0-C7BA-4299-9C62-17FDE1676167}.Release|Mixed Platforms.ActiveCfg = Release|Any CPU
		{47AFC1C0-C7BA-4299-9C62-17FDE1676167}.Release|Mixed Platforms.Build.0 = Release|Any CPU
		{47AFC1C0-C7BA-4299-9C62-17FDE1676167}.Release|x86.ActiveCfg = Release|Any CPU
		{47AFC1C0-C7BA-4299-9C62-17FDE1676167}.Release|x86.Build.0 = Release|Any CPU
		{42C91E85-7052-F066-3257-5F05F7258BAC}.Debug|Any CPU.ActiveCfg = Debug|Any CPU
		{42C91E85-7052-F066-3257-5F05F7258BAC}.Debug|Any CPU.Build.0 = Debug|Any CPU
		{42C91E85-7052-F066-3257-5F05F7258BAC}.Debug|iPhone.ActiveCfg = Debug|Any CPU
		{42C91E85-7052-F066-3257-5F05F7258BAC}.Debug|iPhone.Build.0 = Debug|Any CPU
		{42C91E85-7052-F066-3257-5F05F7258BAC}.Debug|iPhoneSimulator.ActiveCfg = Debug|Any CPU
		{42C91E85-7052-F066-3257-5F05F7258BAC}.Debug|iPhoneSimulator.Build.0 = Debug|Any CPU
		{42C91E85-7052-F066-3257-5F05F7258BAC}.Debug|Mixed Platforms.ActiveCfg = Debug|Any CPU
		{42C91E85-7052-F066-3257-5F05F7258BAC}.Debug|Mixed Platforms.Build.0 = Debug|Any CPU
		{42C91E85-7052-F066-3257-5F05F7258BAC}.Debug|x86.ActiveCfg = Debug|Any CPU
		{42C91E85-7052-F066-3257-5F05F7258BAC}.Debug|x86.Build.0 = Debug|Any CPU
		{42C91E85-7052-F066-3257-5F05F7258BAC}.Release|Any CPU.ActiveCfg = Release|Any CPU
		{42C91E85-7052-F066-3257-5F05F7258BAC}.Release|Any CPU.Build.0 = Release|Any CPU
		{42C91E85-7052-F066-3257-5F05F7258BAC}.Release|iPhone.ActiveCfg = Release|Any CPU
		{42C91E85-7052-F066-3257-5F05F7258BAC}.Release|iPhone.Build.0 = Release|Any CPU
		{42C91E85-7052-F066-3257-5F05F7258BAC}.Release|iPhoneSimulator.ActiveCfg = Release|Any CPU
		{42C91E85-7052-F066-3257-5F05F7258BAC}.Release|iPhoneSimulator.Build.0 = Release|Any CPU
		{42C91E85-7052-F066-3257-5F05F7258BAC}.Release|Mixed Platforms.ActiveCfg = Release|Any CPU
		{42C91E85-7052-F066-3257-5F05F7258BAC}.Release|Mixed Platforms.Build.0 = Release|Any CPU
		{42C91E85-7052-F066-3257-5F05F7258BAC}.Release|x86.ActiveCfg = Release|Any CPU
		{42C91E85-7052-F066-3257-5F05F7258BAC}.Release|x86.Build.0 = Release|Any CPU
	EndGlobalSection
	GlobalSection(SolutionProperties) = preSolution
		HideSolutionNode = FALSE
	EndGlobalSection
	GlobalSection(NestedProjects) = preSolution
		{D5525AD8-E501-45A8-BEA5-F9BDB468B427} = {A4F11331-531B-4A7C-84B2-E319658AE2B8}
		{1182E730-FA4F-4712-8B8B-6432848C3048} = {A4F11331-531B-4A7C-84B2-E319658AE2B8}
		{9EB7BDB5-FDEE-466A-B2FF-63F087B160CE} = {A4F11331-531B-4A7C-84B2-E319658AE2B8}
		{383B1EB0-E39D-41D4-BAE8-FFC619C33AD8} = {A4F11331-531B-4A7C-84B2-E319658AE2B8}
		{13451E45-2205-4842-A2A4-AFCBF0438221} = {A4F11331-531B-4A7C-84B2-E319658AE2B8}
		{453EC845-36A3-4E3B-96D3-B94941C6B86C} = {A4F11331-531B-4A7C-84B2-E319658AE2B8}
		{D1694580-B325-46AD-80A0-F12B9B3640AB} = {A4F11331-531B-4A7C-84B2-E319658AE2B8}
		{0AE2D6E8-B624-448E-9AEE-86AC5DC6D578} = {A4F11331-531B-4A7C-84B2-E319658AE2B8}
		{D02CFF29-606A-4BF9-9E91-F51D4674E8F0} = {A4F11331-531B-4A7C-84B2-E319658AE2B8}
		{FB1528D5-AF76-41BA-8405-9C3A0728EF15} = {A4F11331-531B-4A7C-84B2-E319658AE2B8}
		{4D7AC4C1-8ED3-49EA-A55F-A4E5DF3EB156} = {EADA891B-F378-4243-B031-9E65667377A2}
		{EADA891B-F378-4243-B031-9E65667377A2} = {1B6DEB93-FB30-4585-BE77-A8444D86179C}
		{68973EB1-7F9F-48AF-B963-98848605976A} = {EADA891B-F378-4243-B031-9E65667377A2}
		{D5B6CB09-2B0B-4C98-B44F-EC245C291CF8} = {EADA891B-F378-4243-B031-9E65667377A2}
		{3DC74553-0988-4364-8F7D-D13B8FBB16D9} = {1B6DEB93-FB30-4585-BE77-A8444D86179C}
		{5733381B-0B75-4E91-8EBA-5FAF45010BE0} = {14BB6088-3FC3-4643-B170-0BF3F6F91028}
		{84E1F59D-29A6-4E1D-A3A8-35CD92B54488} = {1B6DEB93-FB30-4585-BE77-A8444D86179C}
		{6622399F-2746-4F63-BAFF-F30230168813} = {A4F11331-531B-4A7C-84B2-E319658AE2B8}
		{FBABACF1-5406-4A50-983A-9C6D4B923DFD} = {A4F11331-531B-4A7C-84B2-E319658AE2B8}
		{241E5827-6D19-4049-B9D4-98C843C8B982} = {A4F11331-531B-4A7C-84B2-E319658AE2B8}
		{E08F71C6-E98F-41BB-BA6B-056FD08D0EB4} = {A4F11331-531B-4A7C-84B2-E319658AE2B8}
		{A7D1B64C-7045-4B32-9AD7-7649E40512C7} = {A4F11331-531B-4A7C-84B2-E319658AE2B8}
		{C0C1142F-592C-4F26-9655-A737C74DAF7E} = {A4F11331-531B-4A7C-84B2-E319658AE2B8}
		{147CD31F-F449-4568-AF62-56B987851D26} = {A4F11331-531B-4A7C-84B2-E319658AE2B8}
		{CB0E7339-773D-4BD1-B636-4BAD6B1AA367} = {A4F11331-531B-4A7C-84B2-E319658AE2B8}
		{B2D9C814-26B4-46DF-AEAF-E82606E4E8B2} = {A4F11331-531B-4A7C-84B2-E319658AE2B8}
		{5623A0DA-4CC8-4954-AD76-90C25E10B2D2} = {A4F11331-531B-4A7C-84B2-E319658AE2B8}
		{5FC399A5-1C21-480A-987F-16388079F245} = {66A4ADD6-8EE2-49BD-B939-C5E69CAA3A9E}
	EndGlobalSection
	GlobalSection(ExtensibilityGlobals) = postSolution
		SolutionGuid = {629DCEA8-C0FA-4650-97C6-ADD1E09A377D}
	EndGlobalSection
	GlobalSection(TestCaseManagementSettings) = postSolution
		CategoryFile = DotNetSiemensPLCToolBoxLibrary.vsmdi
	EndGlobalSection
	GlobalSection(MonoDevelopProperties) = preSolution
		StartupItem = TestProjectFileFunctions\TestProjectFileFunctions.csproj
	EndGlobalSection
EndGlobal
