
Microsoft Visual Studio Solution File, Format Version 11.00
# Visual Studio 2010
Project("{FAE04EC0-301F-11D3-BF4B-00C04F79EFBC}") = "LibNoDaveConnectionLibrary", "LibNoDaveConnectionLibrary\LibNoDaveConnectionLibrary.csproj", "{E3ED87E8-B550-46AC-9196-9688D30EFD29}"
EndProject
Project("{FAE04EC0-301F-11D3-BF4B-00C04F79EFBC}") = "TestLibrary", "TestLibrary\TestLibrary.csproj", "{D5525AD8-E501-45A8-BEA5-F9BDB468B427}"
EndProject
Project("{F184B08F-C81C-45F6-A57F-5ABD9991F28F}") = "TestVB", "TestVB\TestVB.vbproj", "{1182E730-FA4F-4712-8B8B-6432848C3048}"
EndProject
Project("{FAE04EC0-301F-11D3-BF4B-00C04F79EFBC}") = "TestAWLMC7", "TestWpfC\TestAWLMC7.csproj", "{A14C0244-245D-4249-947E-FA77FBA54305}"
EndProject
Project("{FAE04EC0-301F-11D3-BF4B-00C04F79EFBC}") = "JFK-VarTab", "jfkvartab\JFK-VarTab\JFK-VarTab.csproj", "{3D5A663A-2620-4430-9B9C-0C0F59F8995A}"
EndProject
Project("{FAE04EC0-301F-11D3-BF4B-00C04F79EFBC}") = "ToolboxForSiemensPLCs", "TestProjectFileFunctions\ToolboxForSiemensPLCs.csproj", "{9EB7BDB5-FDEE-466A-B2FF-63F087B160CE}"
EndProject
Project("{FAE04EC0-301F-11D3-BF4B-00C04F79EFBC}") = "WPFToolboxForPLCs", "WPFToolboxForPLCs\WPFToolboxForPLCs.csproj", "{383B1EB0-E39D-41D4-BAE8-FFC619C33AD8}"
EndProject
Project("{2150E333-8FDC-42A3-9474-1A3956D46DE8}") = "Solution Items", "Solution Items", "{5E32FDB6-4CFE-448E-9223-C0F7DA793A7A}"
	ProjectSection(SolutionItems) = preProject
		LibNoDaveConnectionLibrary\Documentation\Info.txt = LibNoDaveConnectionLibrary\Documentation\Info.txt
		LibNoDaveConnectionLibrary\Documentation\Licence.txt = LibNoDaveConnectionLibrary\Documentation\Licence.txt
	EndProjectSection
EndProject
Global
	GlobalSection(SolutionConfigurationPlatforms) = preSolution
		Debug|Any CPU = Debug|Any CPU
		Debug|iPhone = Debug|iPhone
		Debug|iPhoneSimulator = Debug|iPhoneSimulator
		Debug|Mixed Platforms = Debug|Mixed Platforms
		Debug|x86 = Debug|x86
		Release|Any CPU = Release|Any CPU
		Release|iPhone = Release|iPhone
		Release|iPhoneSimulator = Release|iPhoneSimulator
		Release|Mixed Platforms = Release|Mixed Platforms
		Release|x86 = Release|x86
	EndGlobalSection
	GlobalSection(ProjectConfigurationPlatforms) = postSolution
		{E3ED87E8-B550-46AC-9196-9688D30EFD29}.Debug|Any CPU.ActiveCfg = Debug|Any CPU
		{E3ED87E8-B550-46AC-9196-9688D30EFD29}.Debug|Any CPU.Build.0 = Debug|Any CPU
		{E3ED87E8-B550-46AC-9196-9688D30EFD29}.Debug|iPhone.ActiveCfg = Debug|Any CPU
		{E3ED87E8-B550-46AC-9196-9688D30EFD29}.Debug|iPhoneSimulator.ActiveCfg = Debug|Any CPU
		{E3ED87E8-B550-46AC-9196-9688D30EFD29}.Debug|Mixed Platforms.ActiveCfg = Debug|Any CPU
		{E3ED87E8-B550-46AC-9196-9688D30EFD29}.Debug|Mixed Platforms.Build.0 = Debug|Any CPU
		{E3ED87E8-B550-46AC-9196-9688D30EFD29}.Debug|x86.ActiveCfg = Debug|Any CPU
		{E3ED87E8-B550-46AC-9196-9688D30EFD29}.Release|Any CPU.ActiveCfg = Release|Any CPU
		{E3ED87E8-B550-46AC-9196-9688D30EFD29}.Release|Any CPU.Build.0 = Release|Any CPU
		{E3ED87E8-B550-46AC-9196-9688D30EFD29}.Release|iPhone.ActiveCfg = Release|Any CPU
		{E3ED87E8-B550-46AC-9196-9688D30EFD29}.Release|iPhoneSimulator.ActiveCfg = Release|Any CPU
		{E3ED87E8-B550-46AC-9196-9688D30EFD29}.Release|Mixed Platforms.ActiveCfg = Release|Any CPU
		{E3ED87E8-B550-46AC-9196-9688D30EFD29}.Release|Mixed Platforms.Build.0 = Release|Any CPU
		{E3ED87E8-B550-46AC-9196-9688D30EFD29}.Release|x86.ActiveCfg = Release|Any CPU
		{D5525AD8-E501-45A8-BEA5-F9BDB468B427}.Debug|Any CPU.ActiveCfg = Debug|x86
		{D5525AD8-E501-45A8-BEA5-F9BDB468B427}.Debug|iPhone.ActiveCfg = Debug|x86
		{D5525AD8-E501-45A8-BEA5-F9BDB468B427}.Debug|iPhoneSimulator.ActiveCfg = Debug|x86
		{D5525AD8-E501-45A8-BEA5-F9BDB468B427}.Debug|Mixed Platforms.ActiveCfg = Debug|x86
		{D5525AD8-E501-45A8-BEA5-F9BDB468B427}.Debug|Mixed Platforms.Build.0 = Debug|x86
		{D5525AD8-E501-45A8-BEA5-F9BDB468B427}.Debug|x86.ActiveCfg = Debug|x86
		{D5525AD8-E501-45A8-BEA5-F9BDB468B427}.Debug|x86.Build.0 = Debug|x86
		{D5525AD8-E501-45A8-BEA5-F9BDB468B427}.Release|Any CPU.ActiveCfg = Release|x86
		{D5525AD8-E501-45A8-BEA5-F9BDB468B427}.Release|iPhone.ActiveCfg = Release|x86
		{D5525AD8-E501-45A8-BEA5-F9BDB468B427}.Release|iPhoneSimulator.ActiveCfg = Release|x86
		{D5525AD8-E501-45A8-BEA5-F9BDB468B427}.Release|Mixed Platforms.ActiveCfg = Release|x86
		{D5525AD8-E501-45A8-BEA5-F9BDB468B427}.Release|Mixed Platforms.Build.0 = Release|x86
		{D5525AD8-E501-45A8-BEA5-F9BDB468B427}.Release|x86.ActiveCfg = Release|x86
		{D5525AD8-E501-45A8-BEA5-F9BDB468B427}.Release|x86.Build.0 = Release|x86
		{1182E730-FA4F-4712-8B8B-6432848C3048}.Debug|Any CPU.ActiveCfg = Debug|x86
		{1182E730-FA4F-4712-8B8B-6432848C3048}.Debug|iPhone.ActiveCfg = Debug|x86
		{1182E730-FA4F-4712-8B8B-6432848C3048}.Debug|iPhoneSimulator.ActiveCfg = Debug|x86
		{1182E730-FA4F-4712-8B8B-6432848C3048}.Debug|Mixed Platforms.ActiveCfg = Debug|x86
		{1182E730-FA4F-4712-8B8B-6432848C3048}.Debug|Mixed Platforms.Build.0 = Debug|x86
		{1182E730-FA4F-4712-8B8B-6432848C3048}.Debug|x86.ActiveCfg = Debug|x86
		{1182E730-FA4F-4712-8B8B-6432848C3048}.Debug|x86.Build.0 = Debug|x86
		{1182E730-FA4F-4712-8B8B-6432848C3048}.Release|Any CPU.ActiveCfg = Release|x86
		{1182E730-FA4F-4712-8B8B-6432848C3048}.Release|iPhone.ActiveCfg = Release|x86
		{1182E730-FA4F-4712-8B8B-6432848C3048}.Release|iPhoneSimulator.ActiveCfg = Release|x86
		{1182E730-FA4F-4712-8B8B-6432848C3048}.Release|Mixed Platforms.ActiveCfg = Release|x86
		{1182E730-FA4F-4712-8B8B-6432848C3048}.Release|Mixed Platforms.Build.0 = Release|x86
		{1182E730-FA4F-4712-8B8B-6432848C3048}.Release|x86.ActiveCfg = Release|x86
		{1182E730-FA4F-4712-8B8B-6432848C3048}.Release|x86.Build.0 = Release|x86
		{A14C0244-245D-4249-947E-FA77FBA54305}.Debug|Any CPU.ActiveCfg = Debug|x86
		{A14C0244-245D-4249-947E-FA77FBA54305}.Debug|iPhone.ActiveCfg = Debug|x86
		{A14C0244-245D-4249-947E-FA77FBA54305}.Debug|iPhoneSimulator.ActiveCfg = Debug|x86
		{A14C0244-245D-4249-947E-FA77FBA54305}.Debug|Mixed Platforms.ActiveCfg = Debug|x86
		{A14C0244-245D-4249-947E-FA77FBA54305}.Debug|x86.ActiveCfg = Debug|x86
		{A14C0244-245D-4249-947E-FA77FBA54305}.Debug|x86.Build.0 = Debug|x86
		{A14C0244-245D-4249-947E-FA77FBA54305}.Release|Any CPU.ActiveCfg = Release|x86
		{A14C0244-245D-4249-947E-FA77FBA54305}.Release|iPhone.ActiveCfg = Release|x86
		{A14C0244-245D-4249-947E-FA77FBA54305}.Release|iPhoneSimulator.ActiveCfg = Release|x86
		{A14C0244-245D-4249-947E-FA77FBA54305}.Release|Mixed Platforms.ActiveCfg = Release|x86
		{A14C0244-245D-4249-947E-FA77FBA54305}.Release|x86.ActiveCfg = Release|x86
		{A14C0244-245D-4249-947E-FA77FBA54305}.Release|x86.Build.0 = Release|x86
		{3D5A663A-2620-4430-9B9C-0C0F59F8995A}.Debug|Any CPU.ActiveCfg = Debug|x86
		{3D5A663A-2620-4430-9B9C-0C0F59F8995A}.Debug|iPhone.ActiveCfg = Debug|x86
		{3D5A663A-2620-4430-9B9C-0C0F59F8995A}.Debug|iPhoneSimulator.ActiveCfg = Debug|x86
		{3D5A663A-2620-4430-9B9C-0C0F59F8995A}.Debug|Mixed Platforms.ActiveCfg = Debug|x86
		{3D5A663A-2620-4430-9B9C-0C0F59F8995A}.Debug|Mixed Platforms.Build.0 = Debug|x86
		{3D5A663A-2620-4430-9B9C-0C0F59F8995A}.Debug|x86.ActiveCfg = Debug|x86
		{3D5A663A-2620-4430-9B9C-0C0F59F8995A}.Debug|x86.Build.0 = Debug|x86
		{3D5A663A-2620-4430-9B9C-0C0F59F8995A}.Release|Any CPU.ActiveCfg = Release|x86
		{3D5A663A-2620-4430-9B9C-0C0F59F8995A}.Release|iPhone.ActiveCfg = Release|x86
		{3D5A663A-2620-4430-9B9C-0C0F59F8995A}.Release|iPhoneSimulator.ActiveCfg = Release|x86
		{3D5A663A-2620-4430-9B9C-0C0F59F8995A}.Release|Mixed Platforms.ActiveCfg = Release|x86
		{3D5A663A-2620-4430-9B9C-0C0F59F8995A}.Release|Mixed Platforms.Build.0 = Release|x86
		{3D5A663A-2620-4430-9B9C-0C0F59F8995A}.Release|x86.ActiveCfg = Release|x86
		{3D5A663A-2620-4430-9B9C-0C0F59F8995A}.Release|x86.Build.0 = Release|x86
		{9EB7BDB5-FDEE-466A-B2FF-63F087B160CE}.Debug|Any CPU.ActiveCfg = Debug|x86
		{9EB7BDB5-FDEE-466A-B2FF-63F087B160CE}.Debug|iPhone.ActiveCfg = Debug|x86
		{9EB7BDB5-FDEE-466A-B2FF-63F087B160CE}.Debug|iPhoneSimulator.ActiveCfg = Debug|x86
		{9EB7BDB5-FDEE-466A-B2FF-63F087B160CE}.Debug|Mixed Platforms.ActiveCfg = Debug|x86
		{9EB7BDB5-FDEE-466A-B2FF-63F087B160CE}.Debug|Mixed Platforms.Build.0 = Debug|x86
		{9EB7BDB5-FDEE-466A-B2FF-63F087B160CE}.Debug|x86.ActiveCfg = Debug|x86
		{9EB7BDB5-FDEE-466A-B2FF-63F087B160CE}.Debug|x86.Build.0 = Debug|x86
		{9EB7BDB5-FDEE-466A-B2FF-63F087B160CE}.Release|Any CPU.ActiveCfg = Release|x86
		{9EB7BDB5-FDEE-466A-B2FF-63F087B160CE}.Release|iPhone.ActiveCfg = Release|x86
		{9EB7BDB5-FDEE-466A-B2FF-63F087B160CE}.Release|iPhoneSimulator.ActiveCfg = Release|x86
		{9EB7BDB5-FDEE-466A-B2FF-63F087B160CE}.Release|Mixed Platforms.ActiveCfg = Release|x86
		{9EB7BDB5-FDEE-466A-B2FF-63F087B160CE}.Release|Mixed Platforms.Build.0 = Release|x86
		{9EB7BDB5-FDEE-466A-B2FF-63F087B160CE}.Release|x86.ActiveCfg = Release|x86
		{9EB7BDB5-FDEE-466A-B2FF-63F087B160CE}.Release|x86.Build.0 = Release|x86
		{383B1EB0-E39D-41D4-BAE8-FFC619C33AD8}.Debug|Any CPU.ActiveCfg = Debug|x86
		{383B1EB0-E39D-41D4-BAE8-FFC619C33AD8}.Debug|iPhone.ActiveCfg = Debug|x86
		{383B1EB0-E39D-41D4-BAE8-FFC619C33AD8}.Debug|iPhoneSimulator.ActiveCfg = Debug|x86
		{383B1EB0-E39D-41D4-BAE8-FFC619C33AD8}.Debug|Mixed Platforms.ActiveCfg = Debug|x86
		{383B1EB0-E39D-41D4-BAE8-FFC619C33AD8}.Debug|Mixed Platforms.Build.0 = Debug|x86
		{383B1EB0-E39D-41D4-BAE8-FFC619C33AD8}.Debug|x86.ActiveCfg = Debug|x86
		{383B1EB0-E39D-41D4-BAE8-FFC619C33AD8}.Debug|x86.Build.0 = Debug|x86
		{383B1EB0-E39D-41D4-BAE8-FFC619C33AD8}.Release|Any CPU.ActiveCfg = Release|x86
		{383B1EB0-E39D-41D4-BAE8-FFC619C33AD8}.Release|iPhone.ActiveCfg = Release|x86
		{383B1EB0-E39D-41D4-BAE8-FFC619C33AD8}.Release|iPhoneSimulator.ActiveCfg = Release|x86
		{383B1EB0-E39D-41D4-BAE8-FFC619C33AD8}.Release|Mixed Platforms.ActiveCfg = Release|x86
		{383B1EB0-E39D-41D4-BAE8-FFC619C33AD8}.Release|Mixed Platforms.Build.0 = Release|x86
		{383B1EB0-E39D-41D4-BAE8-FFC619C33AD8}.Release|x86.ActiveCfg = Release|x86
		{383B1EB0-E39D-41D4-BAE8-FFC619C33AD8}.Release|x86.Build.0 = Release|x86
	EndGlobalSection
	GlobalSection(SolutionProperties) = preSolution
		HideSolutionNode = FALSE
	EndGlobalSection
	GlobalSection(MonoDevelopProperties) = preSolution
		StartupItem = TestProjectFileFunctions\TestProjectFileFunctions.csproj
	EndGlobalSection
EndGlobal
